// !$*UTF8*$!
{
	archiveVersion = 1;
	classes = {
	};
	objectVersion = 45;
	objects = {

/* Begin PBXBuildFile section */
		1D3623260D0F684500981E51 /* AppDelegate_iPad.m in Sources */ = {isa = PBXBuildFile; fileRef = 1D3623250D0F684500981E51 /* AppDelegate_iPad.m */; };
		1D60589B0D05DD56006BFB54 /* main.m in Sources */ = {isa = PBXBuildFile; fileRef = 29B97316FDCFA39411CA2CEA /* main.m */; };
		1D60589F0D05DD5A006BFB54 /* Foundation.framework in Frameworks */ = {isa = PBXBuildFile; fileRef = 1D30AB110D05D00D00671497 /* Foundation.framework */; };
		1DF5F4E00D08C38300B7A737 /* UIKit.framework in Frameworks */ = {isa = PBXBuildFile; fileRef = 1DF5F4DF0D08C38300B7A737 /* UIKit.framework */; };
		2819307D112F81BE00ECF9B4 /* Newsbox.xcdatamodeld in Sources */ = {isa = PBXBuildFile; fileRef = 2819307C112F81BE00ECF9B4 /* Newsbox.xcdatamodeld */; };
		2860E38A111B897F00E27156 /* AppDelegate_iPhone.m in Sources */ = {isa = PBXBuildFile; fileRef = 2860E388111B897F00E27156 /* AppDelegate_iPhone.m */; };
		2860E38B111B897F00E27156 /* MainWindow_iPhone.xib in Resources */ = {isa = PBXBuildFile; fileRef = 2860E389111B897F00E27156 /* MainWindow_iPhone.xib */; };
		288765FD0DF74451002DB57D /* CoreGraphics.framework in Frameworks */ = {isa = PBXBuildFile; fileRef = 288765FC0DF74451002DB57D /* CoreGraphics.framework */; };
		28AD733F0D9D9553002E5188 /* MainWindow_iPad.xib in Resources */ = {isa = PBXBuildFile; fileRef = 28AD733E0D9D9553002E5188 /* MainWindow_iPad.xib */; };
		28EEBFDD1118E19E00187D67 /* CoreData.framework in Frameworks */ = {isa = PBXBuildFile; fileRef = 28EEBFDC1118E19E00187D67 /* CoreData.framework */; };
		28EEC04B1118E28000187D67 /* AppDelegate_Shared.m in Sources */ = {isa = PBXBuildFile; fileRef = 28EEC04A1118E28000187D67 /* AppDelegate_Shared.m */; };
		C37C2FBD130C439E00C9AEB3 /* GitCommitsTableViewController_iPhone.m in Sources */ = {isa = PBXBuildFile; fileRef = C37C2FBB130C439E00C9AEB3 /* GitCommitsTableViewController_iPhone.m */; };
		C37C2FBE130C439E00C9AEB3 /* GitCommitsTableViewController_iPhone.xib in Resources */ = {isa = PBXBuildFile; fileRef = C37C2FBC130C439E00C9AEB3 /* GitCommitsTableViewController_iPhone.xib */; };
		C39890441309AAE400647369 /* GitHubCommitFactory.m in Sources */ = {isa = PBXBuildFile; fileRef = C3988FE01309AAE400647369 /* GitHubCommitFactory.m */; };
		C39890451309AAE400647369 /* GitHubCommitImp.m in Sources */ = {isa = PBXBuildFile; fileRef = C3988FE21309AAE400647369 /* GitHubCommitImp.m */; };
		C39890461309AAE400647369 /* GitHubCommitServiceFactory.m in Sources */ = {isa = PBXBuildFile; fileRef = C3988FE31309AAE400647369 /* GitHubCommitServiceFactory.m */; };
		C39890471309AAE400647369 /* GitHubBaseFactory.m in Sources */ = {isa = PBXBuildFile; fileRef = C3988FE61309AAE400647369 /* GitHubBaseFactory.m */; };
		C39890481309AAE400647369 /* GitHubServiceSettings.m in Sources */ = {isa = PBXBuildFile; fileRef = C3988FE71309AAE400647369 /* GitHubServiceSettings.m */; };
		C39890491309AAE400647369 /* GitHubCommentFactory.m in Sources */ = {isa = PBXBuildFile; fileRef = C3988FEA1309AAE400647369 /* GitHubCommentFactory.m */; };
		C398904A1309AAE400647369 /* GitHubCommentImp.m in Sources */ = {isa = PBXBuildFile; fileRef = C3988FEC1309AAE400647369 /* GitHubCommentImp.m */; };
		C398904B1309AAE400647369 /* GitHubIssueFactory.m in Sources */ = {isa = PBXBuildFile; fileRef = C3988FEE1309AAE400647369 /* GitHubIssueFactory.m */; };
		C398904C1309AAE400647369 /* GitHubIssueImp.m in Sources */ = {isa = PBXBuildFile; fileRef = C3988FF01309AAE400647369 /* GitHubIssueImp.m */; };
		C398904D1309AAE400647369 /* GitHubIssueServiceFactory.m in Sources */ = {isa = PBXBuildFile; fileRef = C3988FF11309AAE400647369 /* GitHubIssueServiceFactory.m */; };
		C398904E1309AAE400647369 /* GitHubLabelFactory.m in Sources */ = {isa = PBXBuildFile; fileRef = C3988FF31309AAE400647369 /* GitHubLabelFactory.m */; };
		C398904F1309AAE400647369 /* GitHubBlobFactory.m in Sources */ = {isa = PBXBuildFile; fileRef = C3988FF61309AAE400647369 /* GitHubBlobFactory.m */; };
		C39890501309AAE400647369 /* GitHubBlobImp.m in Sources */ = {isa = PBXBuildFile; fileRef = C3988FF81309AAE400647369 /* GitHubBlobImp.m */; };
		C39890511309AAE400647369 /* GitHubDataFactory.m in Sources */ = {isa = PBXBuildFile; fileRef = C3988FFA1309AAE400647369 /* GitHubDataFactory.m */; };
		C39890521309AAE400647369 /* GitHubObjectServiceFactory.m in Sources */ = {isa = PBXBuildFile; fileRef = C3988FFB1309AAE400647369 /* GitHubObjectServiceFactory.m */; };
		C39890531309AAE400647369 /* GitHubTreeItemFactory.m in Sources */ = {isa = PBXBuildFile; fileRef = C3988FFD1309AAE400647369 /* GitHubTreeItemFactory.m */; };
		C39890541309AAE400647369 /* GitHubTreeItemImp.m in Sources */ = {isa = PBXBuildFile; fileRef = C3988FFF1309AAE400647369 /* GitHubTreeItemImp.m */; };
		C39890551309AAE400647369 /* GitHubBranchFactory.m in Sources */ = {isa = PBXBuildFile; fileRef = C39890021309AAE400647369 /* GitHubBranchFactory.m */; };
		C39890561309AAE400647369 /* GitHubBranchImp.m in Sources */ = {isa = PBXBuildFile; fileRef = C39890041309AAE400647369 /* GitHubBranchImp.m */; };
		C39890571309AAE400647369 /* GitHubCollaboratorFactory.m in Sources */ = {isa = PBXBuildFile; fileRef = C39890061309AAE400647369 /* GitHubCollaboratorFactory.m */; };
		C39890581309AAE400647369 /* GitHubContributorFactory.m in Sources */ = {isa = PBXBuildFile; fileRef = C39890081309AAE400647369 /* GitHubContributorFactory.m */; };
		C39890591309AAE400647369 /* GitHubContributorImp.m in Sources */ = {isa = PBXBuildFile; fileRef = C398900A1309AAE400647369 /* GitHubContributorImp.m */; };
		C398905A1309AAE400647369 /* GitHubRepositoryFactory.m in Sources */ = {isa = PBXBuildFile; fileRef = C398900C1309AAE400647369 /* GitHubRepositoryFactory.m */; };
		C398905B1309AAE400647369 /* GitHubRepositoryImp.m in Sources */ = {isa = PBXBuildFile; fileRef = C398900E1309AAE400647369 /* GitHubRepositoryImp.m */; };
		C398905C1309AAE400647369 /* GitHubRepositoryPoster.m in Sources */ = {isa = PBXBuildFile; fileRef = C39890101309AAE400647369 /* GitHubRepositoryPoster.m */; };
		C398905D1309AAE400647369 /* GitHubRepositoryServiceFactory.m in Sources */ = {isa = PBXBuildFile; fileRef = C39890111309AAE400647369 /* GitHubRepositoryServiceFactory.m */; };
		C398905E1309AAE400647369 /* GitHubTagFactory.m in Sources */ = {isa = PBXBuildFile; fileRef = C39890131309AAE400647369 /* GitHubTagFactory.m */; };
		C398905F1309AAE400647369 /* GitHubTagImp.m in Sources */ = {isa = PBXBuildFile; fileRef = C39890151309AAE400647369 /* GitHubTagImp.m */; };
		C39890601309AAE400647369 /* GitHubWatcherFactory.m in Sources */ = {isa = PBXBuildFile; fileRef = C39890171309AAE400647369 /* GitHubWatcherFactory.m */; };
		C39890611309AAE400647369 /* GitHubUserFactory.m in Sources */ = {isa = PBXBuildFile; fileRef = C398901A1309AAE400647369 /* GitHubUserFactory.m */; };
		C39890621309AAE400647369 /* GitHubUserImp.m in Sources */ = {isa = PBXBuildFile; fileRef = C398901C1309AAE400647369 /* GitHubUserImp.m */; };
		C39890631309AAE400647369 /* GitHubUserNameFactory.m in Sources */ = {isa = PBXBuildFile; fileRef = C398901E1309AAE400647369 /* GitHubUserNameFactory.m */; };
		C39890641309AAE400647369 /* GitHubUserPoster.m in Sources */ = {isa = PBXBuildFile; fileRef = C39890201309AAE400647369 /* GitHubUserPoster.m */; };
		C39890651309AAE400647369 /* GitHubUserSearchFactory.m in Sources */ = {isa = PBXBuildFile; fileRef = C39890221309AAE400647369 /* GitHubUserSearchFactory.m */; };
		C39890661309AAE400647369 /* GitHubUserServiceFactory.m in Sources */ = {isa = PBXBuildFile; fileRef = C39890231309AAE400647369 /* GitHubUserServiceFactory.m */; };
		ED0581BF130B30050055703C /* down_arrow@2x.png in Resources */ = {isa = PBXBuildFile; fileRef = ED0581BD130B30050055703C /* down_arrow@2x.png */; };
		ED0581C0130B30050055703C /* up_arrow@2x.png in Resources */ = {isa = PBXBuildFile; fileRef = ED0581BE130B30050055703C /* up_arrow@2x.png */; };
		ED0581C3130B30930055703C /* down_arrow.png in Resources */ = {isa = PBXBuildFile; fileRef = ED0581C1130B30930055703C /* down_arrow.png */; };
		ED0581C4130B30930055703C /* up_arrow.png in Resources */ = {isa = PBXBuildFile; fileRef = ED0581C2130B30930055703C /* up_arrow.png */; };
		ED0D9A1113039B4000961E0D /* ItemsTableViewCell.m in Sources */ = {isa = PBXBuildFile; fileRef = ED0D9A1013039B4000961E0D /* ItemsTableViewCell.m */; };
		ED10E69A137C2F5F00D2FD6C /* SourceSupport.m in Sources */ = {isa = PBXBuildFile; fileRef = ED10E699137C2F5F00D2FD6C /* SourceSupport.m */; };
		ED10E69D137C31AA00D2FD6C /* ItemSupport.m in Sources */ = {isa = PBXBuildFile; fileRef = ED10E69C137C31AA00D2FD6C /* ItemSupport.m */; };
		ED10E6AC137C335200D2FD6C /* Source.m in Sources */ = {isa = PBXBuildFile; fileRef = ED10E6AB137C335200D2FD6C /* Source.m */; };
		ED10E6AF137C335300D2FD6C /* Item.m in Sources */ = {isa = PBXBuildFile; fileRef = ED10E6AE137C335300D2FD6C /* Item.m */; };
		ED2E91C61301D23600983CC3 /* ItemLoader.m in Sources */ = {isa = PBXBuildFile; fileRef = ED2E91C41301D23600983CC3 /* ItemLoader.m */; };
		ED2E91CE1301D26F00983CC3 /* Reachability.m in Sources */ = {isa = PBXBuildFile; fileRef = ED2E91CC1301D26F00983CC3 /* Reachability.m */; };
		ED2E92221301D27800983CC3 /* ASIAuthenticationDialog.m in Sources */ = {isa = PBXBuildFile; fileRef = ED2E91D11301D27800983CC3 /* ASIAuthenticationDialog.m */; };
		ED2E92231301D27800983CC3 /* ASIDataCompressor.m in Sources */ = {isa = PBXBuildFile; fileRef = ED2E91D41301D27800983CC3 /* ASIDataCompressor.m */; };
		ED2E92241301D27800983CC3 /* ASIDataDecompressor.m in Sources */ = {isa = PBXBuildFile; fileRef = ED2E91D61301D27800983CC3 /* ASIDataDecompressor.m */; };
		ED2E92251301D27800983CC3 /* ASIDownloadCache.m in Sources */ = {isa = PBXBuildFile; fileRef = ED2E91D81301D27800983CC3 /* ASIDownloadCache.m */; };
		ED2E92261301D27800983CC3 /* ASIFormDataRequest.m in Sources */ = {isa = PBXBuildFile; fileRef = ED2E91DA1301D27800983CC3 /* ASIFormDataRequest.m */; };
		ED2E92271301D27800983CC3 /* ASIHTTPRequest.m in Sources */ = {isa = PBXBuildFile; fileRef = ED2E91DC1301D27800983CC3 /* ASIHTTPRequest.m */; };
		ED2E92281301D27800983CC3 /* ASIInputStream.m in Sources */ = {isa = PBXBuildFile; fileRef = ED2E91E01301D27800983CC3 /* ASIInputStream.m */; };
		ED2E92291301D27800983CC3 /* ASINetworkQueue.m in Sources */ = {isa = PBXBuildFile; fileRef = ED2E91E21301D27800983CC3 /* ASINetworkQueue.m */; };
		ED2E922B1301D27800983CC3 /* ASICloudFilesCDNRequest.m in Sources */ = {isa = PBXBuildFile; fileRef = ED2E91E91301D27800983CC3 /* ASICloudFilesCDNRequest.m */; };
		ED2E922C1301D27800983CC3 /* ASICloudFilesContainer.m in Sources */ = {isa = PBXBuildFile; fileRef = ED2E91EB1301D27800983CC3 /* ASICloudFilesContainer.m */; };
		ED2E922D1301D27800983CC3 /* ASICloudFilesContainerRequest.m in Sources */ = {isa = PBXBuildFile; fileRef = ED2E91ED1301D27800983CC3 /* ASICloudFilesContainerRequest.m */; };
		ED2E922E1301D27800983CC3 /* ASICloudFilesContainerXMLParserDelegate.m in Sources */ = {isa = PBXBuildFile; fileRef = ED2E91EF1301D27800983CC3 /* ASICloudFilesContainerXMLParserDelegate.m */; };
		ED2E922F1301D27800983CC3 /* ASICloudFilesObject.m in Sources */ = {isa = PBXBuildFile; fileRef = ED2E91F11301D27800983CC3 /* ASICloudFilesObject.m */; };
		ED2E92301301D27800983CC3 /* ASICloudFilesObjectRequest.m in Sources */ = {isa = PBXBuildFile; fileRef = ED2E91F31301D27800983CC3 /* ASICloudFilesObjectRequest.m */; };
		ED2E92311301D27800983CC3 /* ASICloudFilesRequest.m in Sources */ = {isa = PBXBuildFile; fileRef = ED2E91F51301D27800983CC3 /* ASICloudFilesRequest.m */; };
		ED2E92321301D27800983CC3 /* ASIS3Bucket.m in Sources */ = {isa = PBXBuildFile; fileRef = ED2E91F91301D27800983CC3 /* ASIS3Bucket.m */; };
		ED2E92331301D27800983CC3 /* ASIS3BucketObject.m in Sources */ = {isa = PBXBuildFile; fileRef = ED2E91FB1301D27800983CC3 /* ASIS3BucketObject.m */; };
		ED2E92341301D27800983CC3 /* ASIS3BucketRequest.m in Sources */ = {isa = PBXBuildFile; fileRef = ED2E91FD1301D27800983CC3 /* ASIS3BucketRequest.m */; };
		ED2E92351301D27800983CC3 /* ASIS3ObjectRequest.m in Sources */ = {isa = PBXBuildFile; fileRef = ED2E91FF1301D27800983CC3 /* ASIS3ObjectRequest.m */; };
		ED2E92361301D27800983CC3 /* ASIS3Request.m in Sources */ = {isa = PBXBuildFile; fileRef = ED2E92011301D27800983CC3 /* ASIS3Request.m */; };
		ED2E92371301D27800983CC3 /* ASIS3ServiceRequest.m in Sources */ = {isa = PBXBuildFile; fileRef = ED2E92031301D27800983CC3 /* ASIS3ServiceRequest.m */; };
		ED2E924C1301D29200983CC3 /* SystemConfiguration.framework in Frameworks */ = {isa = PBXBuildFile; fileRef = ED2E924B1301D29200983CC3 /* SystemConfiguration.framework */; };
		ED2E924E1301D29700983CC3 /* libz.1.2.3.dylib in Frameworks */ = {isa = PBXBuildFile; fileRef = ED2E924D1301D29700983CC3 /* libz.1.2.3.dylib */; };
		ED2E92501301D2AC00983CC3 /* MobileCoreServices.framework in Frameworks */ = {isa = PBXBuildFile; fileRef = ED2E924F1301D2AC00983CC3 /* MobileCoreServices.framework */; };
		ED2E92521301D2B400983CC3 /* CFNetwork.framework in Frameworks */ = {isa = PBXBuildFile; fileRef = ED2E92511301D2B400983CC3 /* CFNetwork.framework */; };
		ED2E92B61301D4A900983CC3 /* Security.framework in Frameworks */ = {isa = PBXBuildFile; fileRef = ED2E92B51301D4A900983CC3 /* Security.framework */; };
		ED2E94F31302555D00983CC3 /* ItemsTableViewController_iPhone.m in Sources */ = {isa = PBXBuildFile; fileRef = ED2E94F11302555D00983CC3 /* ItemsTableViewController_iPhone.m */; };
		ED2E94F41302555D00983CC3 /* ItemsTableViewController_iPhone.xib in Resources */ = {isa = PBXBuildFile; fileRef = ED2E94F21302555D00983CC3 /* ItemsTableViewController_iPhone.xib */; };
		ED37D8F7130361A500584EDE /* Default@2x.png in Resources */ = {isa = PBXBuildFile; fileRef = ED37D8F5130361A500584EDE /* Default@2x.png */; };
		ED37D8F8130361A500584EDE /* Default.png in Resources */ = {isa = PBXBuildFile; fileRef = ED37D8F6130361A500584EDE /* Default.png */; };
		ED37D92E1303644E00584EDE /* itemstyle.css in Resources */ = {isa = PBXBuildFile; fileRef = ED37D92D1303644E00584EDE /* itemstyle.css */; };
		ED3EEB47130DA81700C52E22 /* SourcesTableViewController_iPhone.m in Sources */ = {isa = PBXBuildFile; fileRef = ED3EEB45130DA81600C52E22 /* SourcesTableViewController_iPhone.m */; };
		ED3EEB48130DA81700C52E22 /* SourcesTableViewController_iPhone.xib in Resources */ = {isa = PBXBuildFile; fileRef = ED3EEB46130DA81600C52E22 /* SourcesTableViewController_iPhone.xib */; };
		ED473C221307176D006CE75A /* GTMNSString+HTML.m in Sources */ = {isa = PBXBuildFile; fileRef = ED473C0F1307176D006CE75A /* GTMNSString+HTML.m */; };
		ED473C251307176D006CE75A /* MWFeedParser.m in Sources */ = {isa = PBXBuildFile; fileRef = ED473C151307176D006CE75A /* MWFeedParser.m */; };
		ED473C271307176D006CE75A /* NSDate+InternetDateTime.m in Sources */ = {isa = PBXBuildFile; fileRef = ED473C1A1307176D006CE75A /* NSDate+InternetDateTime.m */; };
		ED473C281307176D006CE75A /* NSString+HTML.m in Sources */ = {isa = PBXBuildFile; fileRef = ED473C1C1307176D006CE75A /* NSString+HTML.m */; };
		ED473C291307176D006CE75A /* NSString+XMLEntities.m in Sources */ = {isa = PBXBuildFile; fileRef = ED473C1E1307176D006CE75A /* NSString+XMLEntities.m */; };
		ED59CDA31307734900595B0A /* SFHFKeychainUtils.m in Sources */ = {isa = PBXBuildFile; fileRef = ED59CD991307734900595B0A /* SFHFKeychainUtils.m */; };
		ED59CDA51307734900595B0A /* SFHFEditableCell.m in Sources */ = {isa = PBXBuildFile; fileRef = ED59CD9E1307734900595B0A /* SFHFEditableCell.m */; };
		ED59CDA61307734900595B0A /* SFHFHUDView.m in Sources */ = {isa = PBXBuildFile; fileRef = ED59CDA01307734900595B0A /* SFHFHUDView.m */; };
		ED59CDA71307734900595B0A /* UIWebView+SFHFStringMetrics.m in Sources */ = {isa = PBXBuildFile; fileRef = ED59CDA21307734900595B0A /* UIWebView+SFHFStringMetrics.m */; };
		ED639915130342810024D3ED /* ItemViewController_iPhone.m in Sources */ = {isa = PBXBuildFile; fileRef = ED639913130342810024D3ED /* ItemViewController_iPhone.m */; };
		ED639916130342810024D3ED /* ItemViewController_iPhone.xib in Resources */ = {isa = PBXBuildFile; fileRef = ED639914130342810024D3ED /* ItemViewController_iPhone.xib */; };
		ED6446E9130A0E1000C197DB /* QuartzCore.framework in Frameworks */ = {isa = PBXBuildFile; fileRef = ED6446E8130A0E1000C197DB /* QuartzCore.framework */; };
		ED6446F1130A17E500C197DB /* OBGradientView.m in Sources */ = {isa = PBXBuildFile; fileRef = ED6446F0130A17E500C197DB /* OBGradientView.m */; };
		ED6A677113046C81006F7838 /* itemscript.js in Resources */ = {isa = PBXBuildFile; fileRef = ED6A677013046C81006F7838 /* itemscript.js */; };
		ED71D1081303266E00C3BE65 /* Icon-57@2x.png in Resources */ = {isa = PBXBuildFile; fileRef = ED71D1071303266E00C3BE65 /* Icon-57@2x.png */; };
		ED71D10A1303268D00C3BE65 /* Icon-57.png in Resources */ = {isa = PBXBuildFile; fileRef = ED71D1091303268D00C3BE65 /* Icon-57.png */; };
		EDAFC7A913074F04009C47D7 /* SettingsTableViewController_iPhone.m in Sources */ = {isa = PBXBuildFile; fileRef = EDAFC7A713074F04009C47D7 /* SettingsTableViewController_iPhone.m */; };
		EDAFC7AA13074F04009C47D7 /* SettingsTableViewController_iPhone.xib in Resources */ = {isa = PBXBuildFile; fileRef = EDAFC7A813074F04009C47D7 /* SettingsTableViewController_iPhone.xib */; };
		EDDA76171308B167007AB030 /* RefreshInfoView.m in Sources */ = {isa = PBXBuildFile; fileRef = EDDA76161308B167007AB030 /* RefreshInfoView.m */; };
		EDDA761B1308D24B007AB030 /* RootTableViewController_iPhone.m in Sources */ = {isa = PBXBuildFile; fileRef = EDDA76191308D249007AB030 /* RootTableViewController_iPhone.m */; };
		EDDA761C1308D24B007AB030 /* RootTableViewController_iPhone.xib in Resources */ = {isa = PBXBuildFile; fileRef = EDDA761A1308D24A007AB030 /* RootTableViewController_iPhone.xib */; };
/* End PBXBuildFile section */

/* Begin PBXFileReference section */
		1D30AB110D05D00D00671497 /* Foundation.framework */ = {isa = PBXFileReference; lastKnownFileType = wrapper.framework; name = Foundation.framework; path = System/Library/Frameworks/Foundation.framework; sourceTree = SDKROOT; };
		1D3623240D0F684500981E51 /* AppDelegate_iPad.h */ = {isa = PBXFileReference; fileEncoding = 4; lastKnownFileType = sourcecode.c.h; name = AppDelegate_iPad.h; path = iPad/AppDelegate_iPad.h; sourceTree = "<group>"; };
		1D3623250D0F684500981E51 /* AppDelegate_iPad.m */ = {isa = PBXFileReference; fileEncoding = 4; lastKnownFileType = sourcecode.c.objc; name = AppDelegate_iPad.m; path = iPad/AppDelegate_iPad.m; sourceTree = "<group>"; };
		1D6058910D05DD3D006BFB54 /* Newsbox.app */ = {isa = PBXFileReference; explicitFileType = wrapper.application; includeInIndex = 0; path = Newsbox.app; sourceTree = BUILT_PRODUCTS_DIR; };
		1DF5F4DF0D08C38300B7A737 /* UIKit.framework */ = {isa = PBXFileReference; lastKnownFileType = wrapper.framework; name = UIKit.framework; path = System/Library/Frameworks/UIKit.framework; sourceTree = SDKROOT; };
		2860E387111B897F00E27156 /* AppDelegate_iPhone.h */ = {isa = PBXFileReference; fileEncoding = 4; lastKnownFileType = sourcecode.c.h; path = AppDelegate_iPhone.h; sourceTree = "<group>"; };
		2860E388111B897F00E27156 /* AppDelegate_iPhone.m */ = {isa = PBXFileReference; fileEncoding = 4; lastKnownFileType = sourcecode.c.objc; path = AppDelegate_iPhone.m; sourceTree = "<group>"; };
		2860E389111B897F00E27156 /* MainWindow_iPhone.xib */ = {isa = PBXFileReference; lastKnownFileType = file.xib; path = MainWindow_iPhone.xib; sourceTree = "<group>"; };
		2870939E111907710040F596 /* Newsbox.xcdatamodel */ = {isa = PBXFileReference; fileEncoding = 4; lastKnownFileType = wrapper.xcdatamodel; path = Newsbox.xcdatamodel; sourceTree = "<group>"; };
		288765FC0DF74451002DB57D /* CoreGraphics.framework */ = {isa = PBXFileReference; lastKnownFileType = wrapper.framework; name = CoreGraphics.framework; path = System/Library/Frameworks/CoreGraphics.framework; sourceTree = SDKROOT; };
		28AD733E0D9D9553002E5188 /* MainWindow_iPad.xib */ = {isa = PBXFileReference; lastKnownFileType = file.xib; name = MainWindow_iPad.xib; path = iPad/MainWindow_iPad.xib; sourceTree = "<group>"; };
		28EEBFDC1118E19E00187D67 /* CoreData.framework */ = {isa = PBXFileReference; lastKnownFileType = wrapper.framework; name = CoreData.framework; path = System/Library/Frameworks/CoreData.framework; sourceTree = SDKROOT; };
		28EEC0491118E28000187D67 /* AppDelegate_Shared.h */ = {isa = PBXFileReference; fileEncoding = 4; lastKnownFileType = sourcecode.c.h; name = AppDelegate_Shared.h; path = Shared/AppDelegate_Shared.h; sourceTree = "<group>"; };
		28EEC04A1118E28000187D67 /* AppDelegate_Shared.m */ = {isa = PBXFileReference; fileEncoding = 4; lastKnownFileType = sourcecode.c.objc; name = AppDelegate_Shared.m; path = Shared/AppDelegate_Shared.m; sourceTree = "<group>"; };
		29B97316FDCFA39411CA2CEA /* main.m */ = {isa = PBXFileReference; fileEncoding = 4; lastKnownFileType = sourcecode.c.objc; name = main.m; path = Shared/main.m; sourceTree = "<group>"; };
		32CA4F630368D1EE00C91783 /* Newsbox_Prefix.pch */ = {isa = PBXFileReference; fileEncoding = 4; lastKnownFileType = sourcecode.c.h; path = Newsbox_Prefix.pch; sourceTree = "<group>"; };
		8D1107310486CEB800E47090 /* Newsbox-Info.plist */ = {isa = PBXFileReference; fileEncoding = 4; lastKnownFileType = text.plist.xml; path = "Newsbox-Info.plist"; plistStructureDefinitionIdentifier = "com.apple.xcode.plist.structure-definition.iphone.info-plist"; sourceTree = "<group>"; };
		C37C2FBA130C439E00C9AEB3 /* GitCommitsTableViewController_iPhone.h */ = {isa = PBXFileReference; fileEncoding = 4; lastKnownFileType = sourcecode.c.h; path = GitCommitsTableViewController_iPhone.h; sourceTree = "<group>"; };
		C37C2FBB130C439E00C9AEB3 /* GitCommitsTableViewController_iPhone.m */ = {isa = PBXFileReference; fileEncoding = 4; lastKnownFileType = sourcecode.c.objc; path = GitCommitsTableViewController_iPhone.m; sourceTree = "<group>"; };
		C37C2FBC130C439E00C9AEB3 /* GitCommitsTableViewController_iPhone.xib */ = {isa = PBXFileReference; fileEncoding = 4; lastKnownFileType = file.xib; path = GitCommitsTableViewController_iPhone.xib; sourceTree = "<group>"; };
		C3988FDF1309AAE400647369 /* GitHubCommitFactory.h */ = {isa = PBXFileReference; fileEncoding = 4; lastKnownFileType = sourcecode.c.h; path = GitHubCommitFactory.h; sourceTree = "<group>"; };
		C3988FE01309AAE400647369 /* GitHubCommitFactory.m */ = {isa = PBXFileReference; fileEncoding = 4; lastKnownFileType = sourcecode.c.objc; path = GitHubCommitFactory.m; sourceTree = "<group>"; };
		C3988FE11309AAE400647369 /* GitHubCommitImp.h */ = {isa = PBXFileReference; fileEncoding = 4; lastKnownFileType = sourcecode.c.h; path = GitHubCommitImp.h; sourceTree = "<group>"; };
		C3988FE21309AAE400647369 /* GitHubCommitImp.m */ = {isa = PBXFileReference; fileEncoding = 4; lastKnownFileType = sourcecode.c.objc; path = GitHubCommitImp.m; sourceTree = "<group>"; };
		C3988FE31309AAE400647369 /* GitHubCommitServiceFactory.m */ = {isa = PBXFileReference; fileEncoding = 4; lastKnownFileType = sourcecode.c.objc; path = GitHubCommitServiceFactory.m; sourceTree = "<group>"; };
		C3988FE51309AAE400647369 /* GitHubBaseFactory.h */ = {isa = PBXFileReference; fileEncoding = 4; lastKnownFileType = sourcecode.c.h; path = GitHubBaseFactory.h; sourceTree = "<group>"; };
		C3988FE61309AAE400647369 /* GitHubBaseFactory.m */ = {isa = PBXFileReference; fileEncoding = 4; lastKnownFileType = sourcecode.c.objc; path = GitHubBaseFactory.m; sourceTree = "<group>"; };
		C3988FE71309AAE400647369 /* GitHubServiceSettings.m */ = {isa = PBXFileReference; fileEncoding = 4; lastKnownFileType = sourcecode.c.objc; path = GitHubServiceSettings.m; sourceTree = "<group>"; };
		C3988FE91309AAE400647369 /* GitHubCommentFactory.h */ = {isa = PBXFileReference; fileEncoding = 4; lastKnownFileType = sourcecode.c.h; path = GitHubCommentFactory.h; sourceTree = "<group>"; };
		C3988FEA1309AAE400647369 /* GitHubCommentFactory.m */ = {isa = PBXFileReference; fileEncoding = 4; lastKnownFileType = sourcecode.c.objc; path = GitHubCommentFactory.m; sourceTree = "<group>"; };
		C3988FEB1309AAE400647369 /* GitHubCommentImp.h */ = {isa = PBXFileReference; fileEncoding = 4; lastKnownFileType = sourcecode.c.h; path = GitHubCommentImp.h; sourceTree = "<group>"; };
		C3988FEC1309AAE400647369 /* GitHubCommentImp.m */ = {isa = PBXFileReference; fileEncoding = 4; lastKnownFileType = sourcecode.c.objc; path = GitHubCommentImp.m; sourceTree = "<group>"; };
		C3988FED1309AAE400647369 /* GitHubIssueFactory.h */ = {isa = PBXFileReference; fileEncoding = 4; lastKnownFileType = sourcecode.c.h; path = GitHubIssueFactory.h; sourceTree = "<group>"; };
		C3988FEE1309AAE400647369 /* GitHubIssueFactory.m */ = {isa = PBXFileReference; fileEncoding = 4; lastKnownFileType = sourcecode.c.objc; path = GitHubIssueFactory.m; sourceTree = "<group>"; };
		C3988FEF1309AAE400647369 /* GitHubIssueImp.h */ = {isa = PBXFileReference; fileEncoding = 4; lastKnownFileType = sourcecode.c.h; path = GitHubIssueImp.h; sourceTree = "<group>"; };
		C3988FF01309AAE400647369 /* GitHubIssueImp.m */ = {isa = PBXFileReference; fileEncoding = 4; lastKnownFileType = sourcecode.c.objc; path = GitHubIssueImp.m; sourceTree = "<group>"; };
		C3988FF11309AAE400647369 /* GitHubIssueServiceFactory.m */ = {isa = PBXFileReference; fileEncoding = 4; lastKnownFileType = sourcecode.c.objc; path = GitHubIssueServiceFactory.m; sourceTree = "<group>"; };
		C3988FF21309AAE400647369 /* GitHubLabelFactory.h */ = {isa = PBXFileReference; fileEncoding = 4; lastKnownFileType = sourcecode.c.h; path = GitHubLabelFactory.h; sourceTree = "<group>"; };
		C3988FF31309AAE400647369 /* GitHubLabelFactory.m */ = {isa = PBXFileReference; fileEncoding = 4; lastKnownFileType = sourcecode.c.objc; path = GitHubLabelFactory.m; sourceTree = "<group>"; };
		C3988FF51309AAE400647369 /* GitHubBlobFactory.h */ = {isa = PBXFileReference; fileEncoding = 4; lastKnownFileType = sourcecode.c.h; path = GitHubBlobFactory.h; sourceTree = "<group>"; };
		C3988FF61309AAE400647369 /* GitHubBlobFactory.m */ = {isa = PBXFileReference; fileEncoding = 4; lastKnownFileType = sourcecode.c.objc; path = GitHubBlobFactory.m; sourceTree = "<group>"; };
		C3988FF71309AAE400647369 /* GitHubBlobImp.h */ = {isa = PBXFileReference; fileEncoding = 4; lastKnownFileType = sourcecode.c.h; path = GitHubBlobImp.h; sourceTree = "<group>"; };
		C3988FF81309AAE400647369 /* GitHubBlobImp.m */ = {isa = PBXFileReference; fileEncoding = 4; lastKnownFileType = sourcecode.c.objc; path = GitHubBlobImp.m; sourceTree = "<group>"; };
		C3988FF91309AAE400647369 /* GitHubDataFactory.h */ = {isa = PBXFileReference; fileEncoding = 4; lastKnownFileType = sourcecode.c.h; path = GitHubDataFactory.h; sourceTree = "<group>"; };
		C3988FFA1309AAE400647369 /* GitHubDataFactory.m */ = {isa = PBXFileReference; fileEncoding = 4; lastKnownFileType = sourcecode.c.objc; path = GitHubDataFactory.m; sourceTree = "<group>"; };
		C3988FFB1309AAE400647369 /* GitHubObjectServiceFactory.m */ = {isa = PBXFileReference; fileEncoding = 4; lastKnownFileType = sourcecode.c.objc; path = GitHubObjectServiceFactory.m; sourceTree = "<group>"; };
		C3988FFC1309AAE400647369 /* GitHubTreeItemFactory.h */ = {isa = PBXFileReference; fileEncoding = 4; lastKnownFileType = sourcecode.c.h; path = GitHubTreeItemFactory.h; sourceTree = "<group>"; };
		C3988FFD1309AAE400647369 /* GitHubTreeItemFactory.m */ = {isa = PBXFileReference; fileEncoding = 4; lastKnownFileType = sourcecode.c.objc; path = GitHubTreeItemFactory.m; sourceTree = "<group>"; };
		C3988FFE1309AAE400647369 /* GitHubTreeItemImp.h */ = {isa = PBXFileReference; fileEncoding = 4; lastKnownFileType = sourcecode.c.h; path = GitHubTreeItemImp.h; sourceTree = "<group>"; };
		C3988FFF1309AAE400647369 /* GitHubTreeItemImp.m */ = {isa = PBXFileReference; fileEncoding = 4; lastKnownFileType = sourcecode.c.objc; path = GitHubTreeItemImp.m; sourceTree = "<group>"; };
		C39890011309AAE400647369 /* GitHubBranchFactory.h */ = {isa = PBXFileReference; fileEncoding = 4; lastKnownFileType = sourcecode.c.h; path = GitHubBranchFactory.h; sourceTree = "<group>"; };
		C39890021309AAE400647369 /* GitHubBranchFactory.m */ = {isa = PBXFileReference; fileEncoding = 4; lastKnownFileType = sourcecode.c.objc; path = GitHubBranchFactory.m; sourceTree = "<group>"; };
		C39890031309AAE400647369 /* GitHubBranchImp.h */ = {isa = PBXFileReference; fileEncoding = 4; lastKnownFileType = sourcecode.c.h; path = GitHubBranchImp.h; sourceTree = "<group>"; };
		C39890041309AAE400647369 /* GitHubBranchImp.m */ = {isa = PBXFileReference; fileEncoding = 4; lastKnownFileType = sourcecode.c.objc; path = GitHubBranchImp.m; sourceTree = "<group>"; };
		C39890051309AAE400647369 /* GitHubCollaboratorFactory.h */ = {isa = PBXFileReference; fileEncoding = 4; lastKnownFileType = sourcecode.c.h; path = GitHubCollaboratorFactory.h; sourceTree = "<group>"; };
		C39890061309AAE400647369 /* GitHubCollaboratorFactory.m */ = {isa = PBXFileReference; fileEncoding = 4; lastKnownFileType = sourcecode.c.objc; path = GitHubCollaboratorFactory.m; sourceTree = "<group>"; };
		C39890071309AAE400647369 /* GitHubContributorFactory.h */ = {isa = PBXFileReference; fileEncoding = 4; lastKnownFileType = sourcecode.c.h; path = GitHubContributorFactory.h; sourceTree = "<group>"; };
		C39890081309AAE400647369 /* GitHubContributorFactory.m */ = {isa = PBXFileReference; fileEncoding = 4; lastKnownFileType = sourcecode.c.objc; path = GitHubContributorFactory.m; sourceTree = "<group>"; };
		C39890091309AAE400647369 /* GitHubContributorImp.h */ = {isa = PBXFileReference; fileEncoding = 4; lastKnownFileType = sourcecode.c.h; path = GitHubContributorImp.h; sourceTree = "<group>"; };
		C398900A1309AAE400647369 /* GitHubContributorImp.m */ = {isa = PBXFileReference; fileEncoding = 4; lastKnownFileType = sourcecode.c.objc; path = GitHubContributorImp.m; sourceTree = "<group>"; };
		C398900B1309AAE400647369 /* GitHubRepositoryFactory.h */ = {isa = PBXFileReference; fileEncoding = 4; lastKnownFileType = sourcecode.c.h; path = GitHubRepositoryFactory.h; sourceTree = "<group>"; };
		C398900C1309AAE400647369 /* GitHubRepositoryFactory.m */ = {isa = PBXFileReference; fileEncoding = 4; lastKnownFileType = sourcecode.c.objc; path = GitHubRepositoryFactory.m; sourceTree = "<group>"; };
		C398900D1309AAE400647369 /* GitHubRepositoryImp.h */ = {isa = PBXFileReference; fileEncoding = 4; lastKnownFileType = sourcecode.c.h; path = GitHubRepositoryImp.h; sourceTree = "<group>"; };
		C398900E1309AAE400647369 /* GitHubRepositoryImp.m */ = {isa = PBXFileReference; fileEncoding = 4; lastKnownFileType = sourcecode.c.objc; path = GitHubRepositoryImp.m; sourceTree = "<group>"; };
		C398900F1309AAE400647369 /* GitHubRepositoryPoster.h */ = {isa = PBXFileReference; fileEncoding = 4; lastKnownFileType = sourcecode.c.h; path = GitHubRepositoryPoster.h; sourceTree = "<group>"; };
		C39890101309AAE400647369 /* GitHubRepositoryPoster.m */ = {isa = PBXFileReference; fileEncoding = 4; lastKnownFileType = sourcecode.c.objc; path = GitHubRepositoryPoster.m; sourceTree = "<group>"; };
		C39890111309AAE400647369 /* GitHubRepositoryServiceFactory.m */ = {isa = PBXFileReference; fileEncoding = 4; lastKnownFileType = sourcecode.c.objc; path = GitHubRepositoryServiceFactory.m; sourceTree = "<group>"; };
		C39890121309AAE400647369 /* GitHubTagFactory.h */ = {isa = PBXFileReference; fileEncoding = 4; lastKnownFileType = sourcecode.c.h; path = GitHubTagFactory.h; sourceTree = "<group>"; };
		C39890131309AAE400647369 /* GitHubTagFactory.m */ = {isa = PBXFileReference; fileEncoding = 4; lastKnownFileType = sourcecode.c.objc; path = GitHubTagFactory.m; sourceTree = "<group>"; };
		C39890141309AAE400647369 /* GitHubTagImp.h */ = {isa = PBXFileReference; fileEncoding = 4; lastKnownFileType = sourcecode.c.h; path = GitHubTagImp.h; sourceTree = "<group>"; };
		C39890151309AAE400647369 /* GitHubTagImp.m */ = {isa = PBXFileReference; fileEncoding = 4; lastKnownFileType = sourcecode.c.objc; path = GitHubTagImp.m; sourceTree = "<group>"; };
		C39890161309AAE400647369 /* GitHubWatcherFactory.h */ = {isa = PBXFileReference; fileEncoding = 4; lastKnownFileType = sourcecode.c.h; path = GitHubWatcherFactory.h; sourceTree = "<group>"; };
		C39890171309AAE400647369 /* GitHubWatcherFactory.m */ = {isa = PBXFileReference; fileEncoding = 4; lastKnownFileType = sourcecode.c.objc; path = GitHubWatcherFactory.m; sourceTree = "<group>"; };
		C39890191309AAE400647369 /* GitHubUserFactory.h */ = {isa = PBXFileReference; fileEncoding = 4; lastKnownFileType = sourcecode.c.h; path = GitHubUserFactory.h; sourceTree = "<group>"; };
		C398901A1309AAE400647369 /* GitHubUserFactory.m */ = {isa = PBXFileReference; fileEncoding = 4; lastKnownFileType = sourcecode.c.objc; path = GitHubUserFactory.m; sourceTree = "<group>"; };
		C398901B1309AAE400647369 /* GitHubUserImp.h */ = {isa = PBXFileReference; fileEncoding = 4; lastKnownFileType = sourcecode.c.h; path = GitHubUserImp.h; sourceTree = "<group>"; };
		C398901C1309AAE400647369 /* GitHubUserImp.m */ = {isa = PBXFileReference; fileEncoding = 4; lastKnownFileType = sourcecode.c.objc; path = GitHubUserImp.m; sourceTree = "<group>"; };
		C398901D1309AAE400647369 /* GitHubUserNameFactory.h */ = {isa = PBXFileReference; fileEncoding = 4; lastKnownFileType = sourcecode.c.h; path = GitHubUserNameFactory.h; sourceTree = "<group>"; };
		C398901E1309AAE400647369 /* GitHubUserNameFactory.m */ = {isa = PBXFileReference; fileEncoding = 4; lastKnownFileType = sourcecode.c.objc; path = GitHubUserNameFactory.m; sourceTree = "<group>"; };
		C398901F1309AAE400647369 /* GitHubUserPoster.h */ = {isa = PBXFileReference; fileEncoding = 4; lastKnownFileType = sourcecode.c.h; path = GitHubUserPoster.h; sourceTree = "<group>"; };
		C39890201309AAE400647369 /* GitHubUserPoster.m */ = {isa = PBXFileReference; fileEncoding = 4; lastKnownFileType = sourcecode.c.objc; path = GitHubUserPoster.m; sourceTree = "<group>"; };
		C39890211309AAE400647369 /* GitHubUserSearchFactory.h */ = {isa = PBXFileReference; fileEncoding = 4; lastKnownFileType = sourcecode.c.h; path = GitHubUserSearchFactory.h; sourceTree = "<group>"; };
		C39890221309AAE400647369 /* GitHubUserSearchFactory.m */ = {isa = PBXFileReference; fileEncoding = 4; lastKnownFileType = sourcecode.c.objc; path = GitHubUserSearchFactory.m; sourceTree = "<group>"; };
		C39890231309AAE400647369 /* GitHubUserServiceFactory.m */ = {isa = PBXFileReference; fileEncoding = 4; lastKnownFileType = sourcecode.c.objc; path = GitHubUserServiceFactory.m; sourceTree = "<group>"; };
		C39890251309AAE400647369 /* GitHubBlob.h */ = {isa = PBXFileReference; fileEncoding = 4; lastKnownFileType = sourcecode.c.h; path = GitHubBlob.h; sourceTree = "<group>"; };
		C39890261309AAE400647369 /* GitHubBranch.h */ = {isa = PBXFileReference; fileEncoding = 4; lastKnownFileType = sourcecode.c.h; path = GitHubBranch.h; sourceTree = "<group>"; };
		C39890271309AAE400647369 /* GitHubComment.h */ = {isa = PBXFileReference; fileEncoding = 4; lastKnownFileType = sourcecode.c.h; path = GitHubComment.h; sourceTree = "<group>"; };
		C39890281309AAE400647369 /* GitHubCommit.h */ = {isa = PBXFileReference; fileEncoding = 4; lastKnownFileType = sourcecode.c.h; path = GitHubCommit.h; sourceTree = "<group>"; };
		C39890291309AAE400647369 /* GitHubCommitServiceFactory.h */ = {isa = PBXFileReference; fileEncoding = 4; lastKnownFileType = sourcecode.c.h; path = GitHubCommitServiceFactory.h; sourceTree = "<group>"; };
		C398902A1309AAE400647369 /* GitHubContributor.h */ = {isa = PBXFileReference; fileEncoding = 4; lastKnownFileType = sourcecode.c.h; path = GitHubContributor.h; sourceTree = "<group>"; };
		C398902B1309AAE400647369 /* GitHubIssue.h */ = {isa = PBXFileReference; fileEncoding = 4; lastKnownFileType = sourcecode.c.h; path = GitHubIssue.h; sourceTree = "<group>"; };
		C398902C1309AAE400647369 /* GitHubIssueServiceFactory.h */ = {isa = PBXFileReference; fileEncoding = 4; lastKnownFileType = sourcecode.c.h; path = GitHubIssueServiceFactory.h; sourceTree = "<group>"; };
		C398902D1309AAE400647369 /* GitHubObjectServiceFactory.h */ = {isa = PBXFileReference; fileEncoding = 4; lastKnownFileType = sourcecode.c.h; path = GitHubObjectServiceFactory.h; sourceTree = "<group>"; };
		C398902E1309AAE400647369 /* GitHubRef.h */ = {isa = PBXFileReference; fileEncoding = 4; lastKnownFileType = sourcecode.c.h; path = GitHubRef.h; sourceTree = "<group>"; };
		C398902F1309AAE400647369 /* GitHubRepository.h */ = {isa = PBXFileReference; fileEncoding = 4; lastKnownFileType = sourcecode.c.h; path = GitHubRepository.h; sourceTree = "<group>"; };
		C39890301309AAE400647369 /* GitHubRepositoryServiceFactory.h */ = {isa = PBXFileReference; fileEncoding = 4; lastKnownFileType = sourcecode.c.h; path = GitHubRepositoryServiceFactory.h; sourceTree = "<group>"; };
		C39890311309AAE400647369 /* GitHubService.h */ = {isa = PBXFileReference; fileEncoding = 4; lastKnownFileType = sourcecode.c.h; path = GitHubService.h; sourceTree = "<group>"; };
		C39890321309AAE400647369 /* GitHubServiceDelegate.h */ = {isa = PBXFileReference; fileEncoding = 4; lastKnownFileType = sourcecode.c.h; path = GitHubServiceDelegate.h; sourceTree = "<group>"; };
		C39890331309AAE400647369 /* GitHubServiceGotBlobDelegate.h */ = {isa = PBXFileReference; fileEncoding = 4; lastKnownFileType = sourcecode.c.h; path = GitHubServiceGotBlobDelegate.h; sourceTree = "<group>"; };
		C39890341309AAE400647369 /* GitHubServiceGotBranchDelegate.h */ = {isa = PBXFileReference; fileEncoding = 4; lastKnownFileType = sourcecode.c.h; path = GitHubServiceGotBranchDelegate.h; sourceTree = "<group>"; };
		C39890351309AAE400647369 /* GitHubServiceGotCommentDelegate.h */ = {isa = PBXFileReference; fileEncoding = 4; lastKnownFileType = sourcecode.c.h; path = GitHubServiceGotCommentDelegate.h; sourceTree = "<group>"; };
		C39890361309AAE400647369 /* GitHubServiceGotCommitDelegate.h */ = {isa = PBXFileReference; fileEncoding = 4; lastKnownFileType = sourcecode.c.h; path = GitHubServiceGotCommitDelegate.h; sourceTree = "<group>"; };
		C39890371309AAE400647369 /* GitHubServiceGotContributorDelegate.h */ = {isa = PBXFileReference; fileEncoding = 4; lastKnownFileType = sourcecode.c.h; path = GitHubServiceGotContributorDelegate.h; sourceTree = "<group>"; };
		C39890381309AAE400647369 /* GitHubServiceGotDataDelegate.h */ = {isa = PBXFileReference; fileEncoding = 4; lastKnownFileType = sourcecode.c.h; path = GitHubServiceGotDataDelegate.h; sourceTree = "<group>"; };
		C39890391309AAE400647369 /* GitHubServiceGotIssueDelegate.h */ = {isa = PBXFileReference; fileEncoding = 4; lastKnownFileType = sourcecode.c.h; path = GitHubServiceGotIssueDelegate.h; sourceTree = "<group>"; };
		C398903A1309AAE400647369 /* GitHubServiceGotNameDelegate.h */ = {isa = PBXFileReference; fileEncoding = 4; lastKnownFileType = sourcecode.c.h; path = GitHubServiceGotNameDelegate.h; sourceTree = "<group>"; };
		C398903B1309AAE400647369 /* GitHubServiceGotRepositoryDelegate.h */ = {isa = PBXFileReference; fileEncoding = 4; lastKnownFileType = sourcecode.c.h; path = GitHubServiceGotRepositoryDelegate.h; sourceTree = "<group>"; };
		C398903C1309AAE400647369 /* GitHubServiceGotTagDelegate.h */ = {isa = PBXFileReference; fileEncoding = 4; lastKnownFileType = sourcecode.c.h; path = GitHubServiceGotTagDelegate.h; sourceTree = "<group>"; };
		C398903D1309AAE400647369 /* GitHubServiceGotTreeItemDelegate.h */ = {isa = PBXFileReference; fileEncoding = 4; lastKnownFileType = sourcecode.c.h; path = GitHubServiceGotTreeItemDelegate.h; sourceTree = "<group>"; };
		C398903E1309AAE400647369 /* GitHubServiceGotUserDelegate.h */ = {isa = PBXFileReference; fileEncoding = 4; lastKnownFileType = sourcecode.c.h; path = GitHubServiceGotUserDelegate.h; sourceTree = "<group>"; };
		C398903F1309AAE400647369 /* GitHubServiceSettings.h */ = {isa = PBXFileReference; fileEncoding = 4; lastKnownFileType = sourcecode.c.h; path = GitHubServiceSettings.h; sourceTree = "<group>"; };
		C39890401309AAE400647369 /* GitHubTag.h */ = {isa = PBXFileReference; fileEncoding = 4; lastKnownFileType = sourcecode.c.h; path = GitHubTag.h; sourceTree = "<group>"; };
		C39890411309AAE400647369 /* GitHubTreeItem.h */ = {isa = PBXFileReference; fileEncoding = 4; lastKnownFileType = sourcecode.c.h; path = GitHubTreeItem.h; sourceTree = "<group>"; };
		C39890421309AAE400647369 /* GitHubUser.h */ = {isa = PBXFileReference; fileEncoding = 4; lastKnownFileType = sourcecode.c.h; path = GitHubUser.h; sourceTree = "<group>"; };
		C39890431309AAE400647369 /* GitHubUserServiceFactory.h */ = {isa = PBXFileReference; fileEncoding = 4; lastKnownFileType = sourcecode.c.h; path = GitHubUserServiceFactory.h; sourceTree = "<group>"; };
		ED0581BD130B30050055703C /* down_arrow@2x.png */ = {isa = PBXFileReference; lastKnownFileType = image.png; path = "down_arrow@2x.png"; sourceTree = "<group>"; };
		ED0581BE130B30050055703C /* up_arrow@2x.png */ = {isa = PBXFileReference; lastKnownFileType = image.png; path = "up_arrow@2x.png"; sourceTree = "<group>"; };
		ED0581C1130B30930055703C /* down_arrow.png */ = {isa = PBXFileReference; lastKnownFileType = image.png; path = down_arrow.png; sourceTree = "<group>"; };
		ED0581C2130B30930055703C /* up_arrow.png */ = {isa = PBXFileReference; lastKnownFileType = image.png; path = up_arrow.png; sourceTree = "<group>"; };
		ED0D9A0F13039B4000961E0D /* ItemsTableViewCell.h */ = {isa = PBXFileReference; fileEncoding = 4; lastKnownFileType = sourcecode.c.h; path = ItemsTableViewCell.h; sourceTree = "<group>"; };
		ED0D9A1013039B4000961E0D /* ItemsTableViewCell.m */ = {isa = PBXFileReference; fileEncoding = 4; lastKnownFileType = sourcecode.c.objc; path = ItemsTableViewCell.m; sourceTree = "<group>"; };
		ED10E698137C2F5F00D2FD6C /* SourceSupport.h */ = {isa = PBXFileReference; fileEncoding = 4; lastKnownFileType = sourcecode.c.h; path = SourceSupport.h; sourceTree = "<group>"; };
		ED10E699137C2F5F00D2FD6C /* SourceSupport.m */ = {isa = PBXFileReference; fileEncoding = 4; lastKnownFileType = sourcecode.c.objc; path = SourceSupport.m; sourceTree = "<group>"; };
		ED10E69B137C31AA00D2FD6C /* ItemSupport.h */ = {isa = PBXFileReference; fileEncoding = 4; lastKnownFileType = sourcecode.c.h; path = ItemSupport.h; sourceTree = "<group>"; };
		ED10E69C137C31AA00D2FD6C /* ItemSupport.m */ = {isa = PBXFileReference; fileEncoding = 4; lastKnownFileType = sourcecode.c.objc; path = ItemSupport.m; sourceTree = "<group>"; };
		ED10E6AA137C335200D2FD6C /* Source.h */ = {isa = PBXFileReference; fileEncoding = 4; lastKnownFileType = sourcecode.c.h; path = Source.h; sourceTree = "<group>"; };
		ED10E6AB137C335200D2FD6C /* Source.m */ = {isa = PBXFileReference; fileEncoding = 4; lastKnownFileType = sourcecode.c.objc; path = Source.m; sourceTree = "<group>"; };
		ED10E6AD137C335300D2FD6C /* Item.h */ = {isa = PBXFileReference; fileEncoding = 4; lastKnownFileType = sourcecode.c.h; path = Item.h; sourceTree = "<group>"; };
		ED10E6AE137C335300D2FD6C /* Item.m */ = {isa = PBXFileReference; fileEncoding = 4; lastKnownFileType = sourcecode.c.objc; path = Item.m; sourceTree = "<group>"; };
		ED2E91C41301D23600983CC3 /* ItemLoader.m */ = {isa = PBXFileReference; fileEncoding = 4; lastKnownFileType = sourcecode.c.objc; name = ItemLoader.m; path = Shared/ItemLoader.m; sourceTree = "<group>"; };
		ED2E91C51301D23600983CC3 /* ItemLoader.h */ = {isa = PBXFileReference; fileEncoding = 4; lastKnownFileType = sourcecode.c.h; name = ItemLoader.h; path = Shared/ItemLoader.h; sourceTree = "<group>"; };
		ED2E91CB1301D26F00983CC3 /* Reachability.h */ = {isa = PBXFileReference; fileEncoding = 4; lastKnownFileType = sourcecode.c.h; path = Reachability.h; sourceTree = "<group>"; };
		ED2E91CC1301D26F00983CC3 /* Reachability.m */ = {isa = PBXFileReference; fileEncoding = 4; lastKnownFileType = sourcecode.c.objc; path = Reachability.m; sourceTree = "<group>"; };
		ED2E91D01301D27800983CC3 /* ASIAuthenticationDialog.h */ = {isa = PBXFileReference; fileEncoding = 4; lastKnownFileType = sourcecode.c.h; path = ASIAuthenticationDialog.h; sourceTree = "<group>"; };
		ED2E91D11301D27800983CC3 /* ASIAuthenticationDialog.m */ = {isa = PBXFileReference; fileEncoding = 4; lastKnownFileType = sourcecode.c.objc; path = ASIAuthenticationDialog.m; sourceTree = "<group>"; };
		ED2E91D21301D27800983CC3 /* ASICacheDelegate.h */ = {isa = PBXFileReference; fileEncoding = 4; lastKnownFileType = sourcecode.c.h; path = ASICacheDelegate.h; sourceTree = "<group>"; };
		ED2E91D31301D27800983CC3 /* ASIDataCompressor.h */ = {isa = PBXFileReference; fileEncoding = 4; lastKnownFileType = sourcecode.c.h; path = ASIDataCompressor.h; sourceTree = "<group>"; };
		ED2E91D41301D27800983CC3 /* ASIDataCompressor.m */ = {isa = PBXFileReference; fileEncoding = 4; lastKnownFileType = sourcecode.c.objc; path = ASIDataCompressor.m; sourceTree = "<group>"; };
		ED2E91D51301D27800983CC3 /* ASIDataDecompressor.h */ = {isa = PBXFileReference; fileEncoding = 4; lastKnownFileType = sourcecode.c.h; path = ASIDataDecompressor.h; sourceTree = "<group>"; };
		ED2E91D61301D27800983CC3 /* ASIDataDecompressor.m */ = {isa = PBXFileReference; fileEncoding = 4; lastKnownFileType = sourcecode.c.objc; path = ASIDataDecompressor.m; sourceTree = "<group>"; };
		ED2E91D71301D27800983CC3 /* ASIDownloadCache.h */ = {isa = PBXFileReference; fileEncoding = 4; lastKnownFileType = sourcecode.c.h; path = ASIDownloadCache.h; sourceTree = "<group>"; };
		ED2E91D81301D27800983CC3 /* ASIDownloadCache.m */ = {isa = PBXFileReference; fileEncoding = 4; lastKnownFileType = sourcecode.c.objc; path = ASIDownloadCache.m; sourceTree = "<group>"; };
		ED2E91D91301D27800983CC3 /* ASIFormDataRequest.h */ = {isa = PBXFileReference; fileEncoding = 4; lastKnownFileType = sourcecode.c.h; path = ASIFormDataRequest.h; sourceTree = "<group>"; };
		ED2E91DA1301D27800983CC3 /* ASIFormDataRequest.m */ = {isa = PBXFileReference; fileEncoding = 4; lastKnownFileType = sourcecode.c.objc; path = ASIFormDataRequest.m; sourceTree = "<group>"; };
		ED2E91DB1301D27800983CC3 /* ASIHTTPRequest.h */ = {isa = PBXFileReference; fileEncoding = 4; lastKnownFileType = sourcecode.c.h; path = ASIHTTPRequest.h; sourceTree = "<group>"; };
		ED2E91DC1301D27800983CC3 /* ASIHTTPRequest.m */ = {isa = PBXFileReference; fileEncoding = 4; lastKnownFileType = sourcecode.c.objc; path = ASIHTTPRequest.m; sourceTree = "<group>"; };
		ED2E91DD1301D27800983CC3 /* ASIHTTPRequestConfig.h */ = {isa = PBXFileReference; fileEncoding = 4; lastKnownFileType = sourcecode.c.h; path = ASIHTTPRequestConfig.h; sourceTree = "<group>"; };
		ED2E91DE1301D27800983CC3 /* ASIHTTPRequestDelegate.h */ = {isa = PBXFileReference; fileEncoding = 4; lastKnownFileType = sourcecode.c.h; path = ASIHTTPRequestDelegate.h; sourceTree = "<group>"; };
		ED2E91DF1301D27800983CC3 /* ASIInputStream.h */ = {isa = PBXFileReference; fileEncoding = 4; lastKnownFileType = sourcecode.c.h; path = ASIInputStream.h; sourceTree = "<group>"; };
		ED2E91E01301D27800983CC3 /* ASIInputStream.m */ = {isa = PBXFileReference; fileEncoding = 4; lastKnownFileType = sourcecode.c.objc; path = ASIInputStream.m; sourceTree = "<group>"; };
		ED2E91E11301D27800983CC3 /* ASINetworkQueue.h */ = {isa = PBXFileReference; fileEncoding = 4; lastKnownFileType = sourcecode.c.h; path = ASINetworkQueue.h; sourceTree = "<group>"; };
		ED2E91E21301D27800983CC3 /* ASINetworkQueue.m */ = {isa = PBXFileReference; fileEncoding = 4; lastKnownFileType = sourcecode.c.objc; path = ASINetworkQueue.m; sourceTree = "<group>"; };
		ED2E91E31301D27800983CC3 /* ASIProgressDelegate.h */ = {isa = PBXFileReference; fileEncoding = 4; lastKnownFileType = sourcecode.c.h; path = ASIProgressDelegate.h; sourceTree = "<group>"; };
		ED2E91E81301D27800983CC3 /* ASICloudFilesCDNRequest.h */ = {isa = PBXFileReference; fileEncoding = 4; lastKnownFileType = sourcecode.c.h; path = ASICloudFilesCDNRequest.h; sourceTree = "<group>"; };
		ED2E91E91301D27800983CC3 /* ASICloudFilesCDNRequest.m */ = {isa = PBXFileReference; fileEncoding = 4; lastKnownFileType = sourcecode.c.objc; path = ASICloudFilesCDNRequest.m; sourceTree = "<group>"; };
		ED2E91EA1301D27800983CC3 /* ASICloudFilesContainer.h */ = {isa = PBXFileReference; fileEncoding = 4; lastKnownFileType = sourcecode.c.h; path = ASICloudFilesContainer.h; sourceTree = "<group>"; };
		ED2E91EB1301D27800983CC3 /* ASICloudFilesContainer.m */ = {isa = PBXFileReference; fileEncoding = 4; lastKnownFileType = sourcecode.c.objc; path = ASICloudFilesContainer.m; sourceTree = "<group>"; };
		ED2E91EC1301D27800983CC3 /* ASICloudFilesContainerRequest.h */ = {isa = PBXFileReference; fileEncoding = 4; lastKnownFileType = sourcecode.c.h; path = ASICloudFilesContainerRequest.h; sourceTree = "<group>"; };
		ED2E91ED1301D27800983CC3 /* ASICloudFilesContainerRequest.m */ = {isa = PBXFileReference; fileEncoding = 4; lastKnownFileType = sourcecode.c.objc; path = ASICloudFilesContainerRequest.m; sourceTree = "<group>"; };
		ED2E91EE1301D27800983CC3 /* ASICloudFilesContainerXMLParserDelegate.h */ = {isa = PBXFileReference; fileEncoding = 4; lastKnownFileType = sourcecode.c.h; path = ASICloudFilesContainerXMLParserDelegate.h; sourceTree = "<group>"; };
		ED2E91EF1301D27800983CC3 /* ASICloudFilesContainerXMLParserDelegate.m */ = {isa = PBXFileReference; fileEncoding = 4; lastKnownFileType = sourcecode.c.objc; path = ASICloudFilesContainerXMLParserDelegate.m; sourceTree = "<group>"; };
		ED2E91F01301D27800983CC3 /* ASICloudFilesObject.h */ = {isa = PBXFileReference; fileEncoding = 4; lastKnownFileType = sourcecode.c.h; path = ASICloudFilesObject.h; sourceTree = "<group>"; };
		ED2E91F11301D27800983CC3 /* ASICloudFilesObject.m */ = {isa = PBXFileReference; fileEncoding = 4; lastKnownFileType = sourcecode.c.objc; path = ASICloudFilesObject.m; sourceTree = "<group>"; };
		ED2E91F21301D27800983CC3 /* ASICloudFilesObjectRequest.h */ = {isa = PBXFileReference; fileEncoding = 4; lastKnownFileType = sourcecode.c.h; path = ASICloudFilesObjectRequest.h; sourceTree = "<group>"; };
		ED2E91F31301D27800983CC3 /* ASICloudFilesObjectRequest.m */ = {isa = PBXFileReference; fileEncoding = 4; lastKnownFileType = sourcecode.c.objc; path = ASICloudFilesObjectRequest.m; sourceTree = "<group>"; };
		ED2E91F41301D27800983CC3 /* ASICloudFilesRequest.h */ = {isa = PBXFileReference; fileEncoding = 4; lastKnownFileType = sourcecode.c.h; path = ASICloudFilesRequest.h; sourceTree = "<group>"; };
		ED2E91F51301D27800983CC3 /* ASICloudFilesRequest.m */ = {isa = PBXFileReference; fileEncoding = 4; lastKnownFileType = sourcecode.c.objc; path = ASICloudFilesRequest.m; sourceTree = "<group>"; };
		ED2E91F71301D27800983CC3 /* ASINSXMLParserCompat.h */ = {isa = PBXFileReference; fileEncoding = 4; lastKnownFileType = sourcecode.c.h; path = ASINSXMLParserCompat.h; sourceTree = "<group>"; };
		ED2E91F81301D27800983CC3 /* ASIS3Bucket.h */ = {isa = PBXFileReference; fileEncoding = 4; lastKnownFileType = sourcecode.c.h; path = ASIS3Bucket.h; sourceTree = "<group>"; };
		ED2E91F91301D27800983CC3 /* ASIS3Bucket.m */ = {isa = PBXFileReference; fileEncoding = 4; lastKnownFileType = sourcecode.c.objc; path = ASIS3Bucket.m; sourceTree = "<group>"; };
		ED2E91FA1301D27800983CC3 /* ASIS3BucketObject.h */ = {isa = PBXFileReference; fileEncoding = 4; lastKnownFileType = sourcecode.c.h; path = ASIS3BucketObject.h; sourceTree = "<group>"; };
		ED2E91FB1301D27800983CC3 /* ASIS3BucketObject.m */ = {isa = PBXFileReference; fileEncoding = 4; lastKnownFileType = sourcecode.c.objc; path = ASIS3BucketObject.m; sourceTree = "<group>"; };
		ED2E91FC1301D27800983CC3 /* ASIS3BucketRequest.h */ = {isa = PBXFileReference; fileEncoding = 4; lastKnownFileType = sourcecode.c.h; path = ASIS3BucketRequest.h; sourceTree = "<group>"; };
		ED2E91FD1301D27800983CC3 /* ASIS3BucketRequest.m */ = {isa = PBXFileReference; fileEncoding = 4; lastKnownFileType = sourcecode.c.objc; path = ASIS3BucketRequest.m; sourceTree = "<group>"; };
		ED2E91FE1301D27800983CC3 /* ASIS3ObjectRequest.h */ = {isa = PBXFileReference; fileEncoding = 4; lastKnownFileType = sourcecode.c.h; path = ASIS3ObjectRequest.h; sourceTree = "<group>"; };
		ED2E91FF1301D27800983CC3 /* ASIS3ObjectRequest.m */ = {isa = PBXFileReference; fileEncoding = 4; lastKnownFileType = sourcecode.c.objc; path = ASIS3ObjectRequest.m; sourceTree = "<group>"; };
		ED2E92001301D27800983CC3 /* ASIS3Request.h */ = {isa = PBXFileReference; fileEncoding = 4; lastKnownFileType = sourcecode.c.h; path = ASIS3Request.h; sourceTree = "<group>"; };
		ED2E92011301D27800983CC3 /* ASIS3Request.m */ = {isa = PBXFileReference; fileEncoding = 4; lastKnownFileType = sourcecode.c.objc; path = ASIS3Request.m; sourceTree = "<group>"; };
		ED2E92021301D27800983CC3 /* ASIS3ServiceRequest.h */ = {isa = PBXFileReference; fileEncoding = 4; lastKnownFileType = sourcecode.c.h; path = ASIS3ServiceRequest.h; sourceTree = "<group>"; };
		ED2E92031301D27800983CC3 /* ASIS3ServiceRequest.m */ = {isa = PBXFileReference; fileEncoding = 4; lastKnownFileType = sourcecode.c.objc; path = ASIS3ServiceRequest.m; sourceTree = "<group>"; };
		ED2E924B1301D29200983CC3 /* SystemConfiguration.framework */ = {isa = PBXFileReference; lastKnownFileType = wrapper.framework; name = SystemConfiguration.framework; path = System/Library/Frameworks/SystemConfiguration.framework; sourceTree = SDKROOT; };
		ED2E924D1301D29700983CC3 /* libz.1.2.3.dylib */ = {isa = PBXFileReference; lastKnownFileType = "compiled.mach-o.dylib"; name = libz.1.2.3.dylib; path = usr/lib/libz.1.2.3.dylib; sourceTree = SDKROOT; };
		ED2E924F1301D2AC00983CC3 /* MobileCoreServices.framework */ = {isa = PBXFileReference; lastKnownFileType = wrapper.framework; name = MobileCoreServices.framework; path = System/Library/Frameworks/MobileCoreServices.framework; sourceTree = SDKROOT; };
		ED2E92511301D2B400983CC3 /* CFNetwork.framework */ = {isa = PBXFileReference; lastKnownFileType = wrapper.framework; name = CFNetwork.framework; path = System/Library/Frameworks/CFNetwork.framework; sourceTree = SDKROOT; };
		ED2E92B51301D4A900983CC3 /* Security.framework */ = {isa = PBXFileReference; lastKnownFileType = wrapper.framework; name = Security.framework; path = System/Library/Frameworks/Security.framework; sourceTree = SDKROOT; };
		ED2E94F01302555D00983CC3 /* ItemsTableViewController_iPhone.h */ = {isa = PBXFileReference; fileEncoding = 4; lastKnownFileType = sourcecode.c.h; path = ItemsTableViewController_iPhone.h; sourceTree = "<group>"; };
		ED2E94F11302555D00983CC3 /* ItemsTableViewController_iPhone.m */ = {isa = PBXFileReference; fileEncoding = 4; lastKnownFileType = sourcecode.c.objc; path = ItemsTableViewController_iPhone.m; sourceTree = "<group>"; };
		ED2E94F21302555D00983CC3 /* ItemsTableViewController_iPhone.xib */ = {isa = PBXFileReference; lastKnownFileType = file.xib; path = ItemsTableViewController_iPhone.xib; sourceTree = "<group>"; };
		ED37D8F5130361A500584EDE /* Default@2x.png */ = {isa = PBXFileReference; lastKnownFileType = image.png; path = "Default@2x.png"; sourceTree = "<group>"; };
		ED37D8F6130361A500584EDE /* Default.png */ = {isa = PBXFileReference; lastKnownFileType = image.png; path = Default.png; sourceTree = "<group>"; };
		ED37D92D1303644E00584EDE /* itemstyle.css */ = {isa = PBXFileReference; fileEncoding = 4; lastKnownFileType = text.css; name = itemstyle.css; path = ../../../Newsbox/iOS/itemstyle.css; sourceTree = "<group>"; };
		ED3EEB44130DA81600C52E22 /* SourcesTableViewController_iPhone.h */ = {isa = PBXFileReference; fileEncoding = 4; lastKnownFileType = sourcecode.c.h; path = SourcesTableViewController_iPhone.h; sourceTree = "<group>"; };
		ED3EEB45130DA81600C52E22 /* SourcesTableViewController_iPhone.m */ = {isa = PBXFileReference; fileEncoding = 4; lastKnownFileType = sourcecode.c.objc; path = SourcesTableViewController_iPhone.m; sourceTree = "<group>"; };
		ED3EEB46130DA81600C52E22 /* SourcesTableViewController_iPhone.xib */ = {isa = PBXFileReference; fileEncoding = 4; lastKnownFileType = file.xib; path = SourcesTableViewController_iPhone.xib; sourceTree = "<group>"; };
		ED473C0D1307176D006CE75A /* GTMDefines.h */ = {isa = PBXFileReference; fileEncoding = 4; lastKnownFileType = sourcecode.c.h; path = GTMDefines.h; sourceTree = "<group>"; };
		ED473C0E1307176D006CE75A /* GTMNSString+HTML.h */ = {isa = PBXFileReference; fileEncoding = 4; lastKnownFileType = sourcecode.c.h; path = "GTMNSString+HTML.h"; sourceTree = "<group>"; };
		ED473C0F1307176D006CE75A /* GTMNSString+HTML.m */ = {isa = PBXFileReference; fileEncoding = 4; lastKnownFileType = sourcecode.c.objc; path = "GTMNSString+HTML.m"; sourceTree = "<group>"; };
		ED473C141307176D006CE75A /* MWFeedParser.h */ = {isa = PBXFileReference; fileEncoding = 4; lastKnownFileType = sourcecode.c.h; path = MWFeedParser.h; sourceTree = "<group>"; };
		ED473C151307176D006CE75A /* MWFeedParser.m */ = {isa = PBXFileReference; fileEncoding = 4; lastKnownFileType = sourcecode.c.objc; path = MWFeedParser.m; sourceTree = "<group>"; };
		ED473C161307176D006CE75A /* MWFeedParser_Private.h */ = {isa = PBXFileReference; fileEncoding = 4; lastKnownFileType = sourcecode.c.h; path = MWFeedParser_Private.h; sourceTree = "<group>"; };
		ED473C191307176D006CE75A /* NSDate+InternetDateTime.h */ = {isa = PBXFileReference; fileEncoding = 4; lastKnownFileType = sourcecode.c.h; path = "NSDate+InternetDateTime.h"; sourceTree = "<group>"; };
		ED473C1A1307176D006CE75A /* NSDate+InternetDateTime.m */ = {isa = PBXFileReference; fileEncoding = 4; lastKnownFileType = sourcecode.c.objc; path = "NSDate+InternetDateTime.m"; sourceTree = "<group>"; };
		ED473C1B1307176D006CE75A /* NSString+HTML.h */ = {isa = PBXFileReference; fileEncoding = 4; lastKnownFileType = sourcecode.c.h; path = "NSString+HTML.h"; sourceTree = "<group>"; };
		ED473C1C1307176D006CE75A /* NSString+HTML.m */ = {isa = PBXFileReference; fileEncoding = 4; lastKnownFileType = sourcecode.c.objc; path = "NSString+HTML.m"; sourceTree = "<group>"; };
		ED473C1D1307176D006CE75A /* NSString+XMLEntities.h */ = {isa = PBXFileReference; fileEncoding = 4; lastKnownFileType = sourcecode.c.h; path = "NSString+XMLEntities.h"; sourceTree = "<group>"; };
		ED473C1E1307176D006CE75A /* NSString+XMLEntities.m */ = {isa = PBXFileReference; fileEncoding = 4; lastKnownFileType = sourcecode.c.objc; path = "NSString+XMLEntities.m"; sourceTree = "<group>"; };
		ED59CD981307734900595B0A /* SFHFKeychainUtils.h */ = {isa = PBXFileReference; fileEncoding = 4; lastKnownFileType = sourcecode.c.h; path = SFHFKeychainUtils.h; sourceTree = "<group>"; };
		ED59CD991307734900595B0A /* SFHFKeychainUtils.m */ = {isa = PBXFileReference; fileEncoding = 4; lastKnownFileType = sourcecode.c.objc; path = SFHFKeychainUtils.m; sourceTree = "<group>"; };
		ED59CD9D1307734900595B0A /* SFHFEditableCell.h */ = {isa = PBXFileReference; fileEncoding = 4; lastKnownFileType = sourcecode.c.h; path = SFHFEditableCell.h; sourceTree = "<group>"; };
		ED59CD9E1307734900595B0A /* SFHFEditableCell.m */ = {isa = PBXFileReference; fileEncoding = 4; lastKnownFileType = sourcecode.c.objc; path = SFHFEditableCell.m; sourceTree = "<group>"; };
		ED59CD9F1307734900595B0A /* SFHFHUDView.h */ = {isa = PBXFileReference; fileEncoding = 4; lastKnownFileType = sourcecode.c.h; path = SFHFHUDView.h; sourceTree = "<group>"; };
		ED59CDA01307734900595B0A /* SFHFHUDView.m */ = {isa = PBXFileReference; fileEncoding = 4; lastKnownFileType = sourcecode.c.objc; path = SFHFHUDView.m; sourceTree = "<group>"; };
		ED59CDA11307734900595B0A /* UIWebView+SFHFStringMetrics.h */ = {isa = PBXFileReference; fileEncoding = 4; lastKnownFileType = sourcecode.c.h; path = "UIWebView+SFHFStringMetrics.h"; sourceTree = "<group>"; };
		ED59CDA21307734900595B0A /* UIWebView+SFHFStringMetrics.m */ = {isa = PBXFileReference; fileEncoding = 4; lastKnownFileType = sourcecode.c.objc; path = "UIWebView+SFHFStringMetrics.m"; sourceTree = "<group>"; };
		ED639912130342810024D3ED /* ItemViewController_iPhone.h */ = {isa = PBXFileReference; fileEncoding = 4; lastKnownFileType = sourcecode.c.h; path = ItemViewController_iPhone.h; sourceTree = "<group>"; };
		ED639913130342810024D3ED /* ItemViewController_iPhone.m */ = {isa = PBXFileReference; fileEncoding = 4; lastKnownFileType = sourcecode.c.objc; path = ItemViewController_iPhone.m; sourceTree = "<group>"; };
		ED639914130342810024D3ED /* ItemViewController_iPhone.xib */ = {isa = PBXFileReference; lastKnownFileType = file.xib; path = ItemViewController_iPhone.xib; sourceTree = "<group>"; };
		ED6446E8130A0E1000C197DB /* QuartzCore.framework */ = {isa = PBXFileReference; lastKnownFileType = wrapper.framework; name = QuartzCore.framework; path = System/Library/Frameworks/QuartzCore.framework; sourceTree = SDKROOT; };
		ED6446EF130A17E500C197DB /* OBGradientView.h */ = {isa = PBXFileReference; fileEncoding = 4; lastKnownFileType = sourcecode.c.h; path = OBGradientView.h; sourceTree = "<group>"; };
		ED6446F0130A17E500C197DB /* OBGradientView.m */ = {isa = PBXFileReference; fileEncoding = 4; lastKnownFileType = sourcecode.c.objc; path = OBGradientView.m; sourceTree = "<group>"; };
		ED6A677013046C81006F7838 /* itemscript.js */ = {isa = PBXFileReference; fileEncoding = 4; lastKnownFileType = sourcecode.javascript; path = itemscript.js; sourceTree = "<group>"; };
		ED71D1071303266E00C3BE65 /* Icon-57@2x.png */ = {isa = PBXFileReference; lastKnownFileType = image.png; path = "Icon-57@2x.png"; sourceTree = "<group>"; };
		ED71D1091303268D00C3BE65 /* Icon-57.png */ = {isa = PBXFileReference; lastKnownFileType = image.png; path = "Icon-57.png"; sourceTree = "<group>"; };
		EDAFC7A613074F04009C47D7 /* SettingsTableViewController_iPhone.h */ = {isa = PBXFileReference; fileEncoding = 4; lastKnownFileType = sourcecode.c.h; path = SettingsTableViewController_iPhone.h; sourceTree = "<group>"; };
		EDAFC7A713074F04009C47D7 /* SettingsTableViewController_iPhone.m */ = {isa = PBXFileReference; fileEncoding = 4; lastKnownFileType = sourcecode.c.objc; path = SettingsTableViewController_iPhone.m; sourceTree = "<group>"; };
		EDAFC7A813074F04009C47D7 /* SettingsTableViewController_iPhone.xib */ = {isa = PBXFileReference; lastKnownFileType = file.xib; path = SettingsTableViewController_iPhone.xib; sourceTree = "<group>"; };
		EDDA76151308B167007AB030 /* RefreshInfoView.h */ = {isa = PBXFileReference; fileEncoding = 4; lastKnownFileType = sourcecode.c.h; path = RefreshInfoView.h; sourceTree = "<group>"; };
		EDDA76161308B167007AB030 /* RefreshInfoView.m */ = {isa = PBXFileReference; fileEncoding = 4; lastKnownFileType = sourcecode.c.objc; path = RefreshInfoView.m; sourceTree = "<group>"; };
		EDDA76181308D249007AB030 /* RootTableViewController_iPhone.h */ = {isa = PBXFileReference; fileEncoding = 4; lastKnownFileType = sourcecode.c.h; path = RootTableViewController_iPhone.h; sourceTree = "<group>"; };
		EDDA76191308D249007AB030 /* RootTableViewController_iPhone.m */ = {isa = PBXFileReference; fileEncoding = 4; lastKnownFileType = sourcecode.c.objc; path = RootTableViewController_iPhone.m; sourceTree = "<group>"; };
		EDDA761A1308D24A007AB030 /* RootTableViewController_iPhone.xib */ = {isa = PBXFileReference; fileEncoding = 4; lastKnownFileType = file.xib; path = RootTableViewController_iPhone.xib; sourceTree = "<group>"; };
/* End PBXFileReference section */

/* Begin PBXFrameworksBuildPhase section */
		1D60588F0D05DD3D006BFB54 /* Frameworks */ = {
			isa = PBXFrameworksBuildPhase;
			buildActionMask = 2147483647;
			files = (
				28EEBFDD1118E19E00187D67 /* CoreData.framework in Frameworks */,
				ED6446E9130A0E1000C197DB /* QuartzCore.framework in Frameworks */,
				1D60589F0D05DD5A006BFB54 /* Foundation.framework in Frameworks */,
				1DF5F4E00D08C38300B7A737 /* UIKit.framework in Frameworks */,
				288765FD0DF74451002DB57D /* CoreGraphics.framework in Frameworks */,
				ED2E924C1301D29200983CC3 /* SystemConfiguration.framework in Frameworks */,
				ED2E924E1301D29700983CC3 /* libz.1.2.3.dylib in Frameworks */,
				ED2E92501301D2AC00983CC3 /* MobileCoreServices.framework in Frameworks */,
				ED2E92521301D2B400983CC3 /* CFNetwork.framework in Frameworks */,
				ED2E92B61301D4A900983CC3 /* Security.framework in Frameworks */,
			);
			runOnlyForDeploymentPostprocessing = 0;
		};
/* End PBXFrameworksBuildPhase section */

/* Begin PBXGroup section */
		19C28FACFE9D520D11CA2CBB /* Products */ = {
			isa = PBXGroup;
			children = (
				1D6058910D05DD3D006BFB54 /* Newsbox.app */,
			);
			name = Products;
			sourceTree = "<group>";
		};
		2860E386111B897F00E27156 /* iPhone */ = {
			isa = PBXGroup;
			children = (
				ED71D1061303266800C3BE65 /* Resources */,
				2860E387111B897F00E27156 /* AppDelegate_iPhone.h */,
				2860E388111B897F00E27156 /* AppDelegate_iPhone.m */,
				2860E389111B897F00E27156 /* MainWindow_iPhone.xib */,
				EDDA76181308D249007AB030 /* RootTableViewController_iPhone.h */,
				EDDA76191308D249007AB030 /* RootTableViewController_iPhone.m */,
				EDDA761A1308D24A007AB030 /* RootTableViewController_iPhone.xib */,
				ED3EEB44130DA81600C52E22 /* SourcesTableViewController_iPhone.h */,
				ED3EEB45130DA81600C52E22 /* SourcesTableViewController_iPhone.m */,
				ED3EEB46130DA81600C52E22 /* SourcesTableViewController_iPhone.xib */,
				ED2E94F01302555D00983CC3 /* ItemsTableViewController_iPhone.h */,
				ED2E94F11302555D00983CC3 /* ItemsTableViewController_iPhone.m */,
				ED2E94F21302555D00983CC3 /* ItemsTableViewController_iPhone.xib */,
				EDDA76151308B167007AB030 /* RefreshInfoView.h */,
				EDDA76161308B167007AB030 /* RefreshInfoView.m */,
				ED0D9A0F13039B4000961E0D /* ItemsTableViewCell.h */,
				ED0D9A1013039B4000961E0D /* ItemsTableViewCell.m */,
				ED639912130342810024D3ED /* ItemViewController_iPhone.h */,
				ED639913130342810024D3ED /* ItemViewController_iPhone.m */,
				ED639914130342810024D3ED /* ItemViewController_iPhone.xib */,
				EDAFC7A613074F04009C47D7 /* SettingsTableViewController_iPhone.h */,
				EDAFC7A713074F04009C47D7 /* SettingsTableViewController_iPhone.m */,
				EDAFC7A813074F04009C47D7 /* SettingsTableViewController_iPhone.xib */,
				C37C2FBA130C439E00C9AEB3 /* GitCommitsTableViewController_iPhone.h */,
				C37C2FBB130C439E00C9AEB3 /* GitCommitsTableViewController_iPhone.m */,
				C37C2FBC130C439E00C9AEB3 /* GitCommitsTableViewController_iPhone.xib */,
			);
			path = iPhone;
			sourceTree = "<group>";
		};
		28EEBF621118D79A00187D67 /* Shared */ = {
			isa = PBXGroup;
			children = (
				8D1107310486CEB800E47090 /* Newsbox-Info.plist */,
				2819307C112F81BE00ECF9B4 /* Newsbox.xcdatamodeld */,
				28EEC0491118E28000187D67 /* AppDelegate_Shared.h */,
				28EEC04A1118E28000187D67 /* AppDelegate_Shared.m */,
				ED2E91C51301D23600983CC3 /* ItemLoader.h */,
				ED2E91C41301D23600983CC3 /* ItemLoader.m */,
				ED6446EE130A17E400C197DB /* OBGradientView */,
				ED59CD961307734900595B0A /* SFHFKeychainUtils */,
				ED473C0A1307176D006CE75A /* MWFeedParser */,
			);
			name = Shared;
			sourceTree = "<group>";
		};
		29B97314FDCFA39411CA2CEA /* CustomTemplate */ = {
			isa = PBXGroup;
			children = (
				2860E386111B897F00E27156 /* iPhone */,
				29B97317FDCFA39411CA2CEA /* iPad */,
				28EEBF621118D79A00187D67 /* Shared */,
				ED2E91C71301D26F00983CC3 /* External */,
				29B97315FDCFA39411CA2CEA /* Other Sources */,
				29B97323FDCFA39411CA2CEA /* Frameworks */,
				19C28FACFE9D520D11CA2CBB /* Products */,
			);
			name = CustomTemplate;
			sourceTree = "<group>";
		};
		29B97315FDCFA39411CA2CEA /* Other Sources */ = {
			isa = PBXGroup;
			children = (
				32CA4F630368D1EE00C91783 /* Newsbox_Prefix.pch */,
				29B97316FDCFA39411CA2CEA /* main.m */,
			);
			name = "Other Sources";
			sourceTree = "<group>";
		};
		29B97317FDCFA39411CA2CEA /* iPad */ = {
			isa = PBXGroup;
			children = (
				1D3623240D0F684500981E51 /* AppDelegate_iPad.h */,
				1D3623250D0F684500981E51 /* AppDelegate_iPad.m */,
				28AD733E0D9D9553002E5188 /* MainWindow_iPad.xib */,
			);
			name = iPad;
			sourceTree = "<group>";
		};
		29B97323FDCFA39411CA2CEA /* Frameworks */ = {
			isa = PBXGroup;
			children = (
				ED2E92511301D2B400983CC3 /* CFNetwork.framework */,
				288765FC0DF74451002DB57D /* CoreGraphics.framework */,
				1D30AB110D05D00D00671497 /* Foundation.framework */,
				ED2E924F1301D2AC00983CC3 /* MobileCoreServices.framework */,
				ED2E92B51301D4A900983CC3 /* Security.framework */,
				ED2E924B1301D29200983CC3 /* SystemConfiguration.framework */,
				1DF5F4DF0D08C38300B7A737 /* UIKit.framework */,
				28EEBFDC1118E19E00187D67 /* CoreData.framework */,
				ED2E924D1301D29700983CC3 /* libz.1.2.3.dylib */,
				ED6446E8130A0E1000C197DB /* QuartzCore.framework */,
			);
			name = Frameworks;
			sourceTree = "<group>";
		};
		C3988FDC1309AA8E00647369 /* GitHubLib */ = {
			isa = PBXGroup;
			children = (
				C3988FDD1309AAE400647369 /* Implementation */,
				C39890241309AAE400647369 /* Interface */,
			);
			name = GitHubLib;
			sourceTree = "<group>";
		};
		C3988FDD1309AAE400647369 /* Implementation */ = {
			isa = PBXGroup;
			children = (
				C3988FDE1309AAE400647369 /* CommitService */,
				C3988FE41309AAE400647369 /* Common */,
				C3988FE81309AAE400647369 /* IssueService */,
				C3988FF41309AAE400647369 /* ObjectService */,
				C39890001309AAE400647369 /* RepositoryService */,
				C39890181309AAE400647369 /* UserService */,
			);
			path = Implementation;
			sourceTree = "<group>";
		};
		C3988FDE1309AAE400647369 /* CommitService */ = {
			isa = PBXGroup;
			children = (
				C3988FDF1309AAE400647369 /* GitHubCommitFactory.h */,
				C3988FE01309AAE400647369 /* GitHubCommitFactory.m */,
				C3988FE11309AAE400647369 /* GitHubCommitImp.h */,
				C3988FE21309AAE400647369 /* GitHubCommitImp.m */,
				C3988FE31309AAE400647369 /* GitHubCommitServiceFactory.m */,
			);
			path = CommitService;
			sourceTree = "<group>";
		};
		C3988FE41309AAE400647369 /* Common */ = {
			isa = PBXGroup;
			children = (
				C3988FE51309AAE400647369 /* GitHubBaseFactory.h */,
				C3988FE61309AAE400647369 /* GitHubBaseFactory.m */,
				C3988FE71309AAE400647369 /* GitHubServiceSettings.m */,
			);
			path = Common;
			sourceTree = "<group>";
		};
		C3988FE81309AAE400647369 /* IssueService */ = {
			isa = PBXGroup;
			children = (
				C3988FE91309AAE400647369 /* GitHubCommentFactory.h */,
				C3988FEA1309AAE400647369 /* GitHubCommentFactory.m */,
				C3988FEB1309AAE400647369 /* GitHubCommentImp.h */,
				C3988FEC1309AAE400647369 /* GitHubCommentImp.m */,
				C3988FED1309AAE400647369 /* GitHubIssueFactory.h */,
				C3988FEE1309AAE400647369 /* GitHubIssueFactory.m */,
				C3988FEF1309AAE400647369 /* GitHubIssueImp.h */,
				C3988FF01309AAE400647369 /* GitHubIssueImp.m */,
				C3988FF11309AAE400647369 /* GitHubIssueServiceFactory.m */,
				C3988FF21309AAE400647369 /* GitHubLabelFactory.h */,
				C3988FF31309AAE400647369 /* GitHubLabelFactory.m */,
			);
			path = IssueService;
			sourceTree = "<group>";
		};
		C3988FF41309AAE400647369 /* ObjectService */ = {
			isa = PBXGroup;
			children = (
				C3988FF51309AAE400647369 /* GitHubBlobFactory.h */,
				C3988FF61309AAE400647369 /* GitHubBlobFactory.m */,
				C3988FF71309AAE400647369 /* GitHubBlobImp.h */,
				C3988FF81309AAE400647369 /* GitHubBlobImp.m */,
				C3988FF91309AAE400647369 /* GitHubDataFactory.h */,
				C3988FFA1309AAE400647369 /* GitHubDataFactory.m */,
				C3988FFB1309AAE400647369 /* GitHubObjectServiceFactory.m */,
				C3988FFC1309AAE400647369 /* GitHubTreeItemFactory.h */,
				C3988FFD1309AAE400647369 /* GitHubTreeItemFactory.m */,
				C3988FFE1309AAE400647369 /* GitHubTreeItemImp.h */,
				C3988FFF1309AAE400647369 /* GitHubTreeItemImp.m */,
			);
			path = ObjectService;
			sourceTree = "<group>";
		};
		C39890001309AAE400647369 /* RepositoryService */ = {
			isa = PBXGroup;
			children = (
				C39890011309AAE400647369 /* GitHubBranchFactory.h */,
				C39890021309AAE400647369 /* GitHubBranchFactory.m */,
				C39890031309AAE400647369 /* GitHubBranchImp.h */,
				C39890041309AAE400647369 /* GitHubBranchImp.m */,
				C39890051309AAE400647369 /* GitHubCollaboratorFactory.h */,
				C39890061309AAE400647369 /* GitHubCollaboratorFactory.m */,
				C39890071309AAE400647369 /* GitHubContributorFactory.h */,
				C39890081309AAE400647369 /* GitHubContributorFactory.m */,
				C39890091309AAE400647369 /* GitHubContributorImp.h */,
				C398900A1309AAE400647369 /* GitHubContributorImp.m */,
				C398900B1309AAE400647369 /* GitHubRepositoryFactory.h */,
				C398900C1309AAE400647369 /* GitHubRepositoryFactory.m */,
				C398900D1309AAE400647369 /* GitHubRepositoryImp.h */,
				C398900E1309AAE400647369 /* GitHubRepositoryImp.m */,
				C398900F1309AAE400647369 /* GitHubRepositoryPoster.h */,
				C39890101309AAE400647369 /* GitHubRepositoryPoster.m */,
				C39890111309AAE400647369 /* GitHubRepositoryServiceFactory.m */,
				C39890121309AAE400647369 /* GitHubTagFactory.h */,
				C39890131309AAE400647369 /* GitHubTagFactory.m */,
				C39890141309AAE400647369 /* GitHubTagImp.h */,
				C39890151309AAE400647369 /* GitHubTagImp.m */,
				C39890161309AAE400647369 /* GitHubWatcherFactory.h */,
				C39890171309AAE400647369 /* GitHubWatcherFactory.m */,
			);
			path = RepositoryService;
			sourceTree = "<group>";
		};
		C39890181309AAE400647369 /* UserService */ = {
			isa = PBXGroup;
			children = (
				C39890191309AAE400647369 /* GitHubUserFactory.h */,
				C398901A1309AAE400647369 /* GitHubUserFactory.m */,
				C398901B1309AAE400647369 /* GitHubUserImp.h */,
				C398901C1309AAE400647369 /* GitHubUserImp.m */,
				C398901D1309AAE400647369 /* GitHubUserNameFactory.h */,
				C398901E1309AAE400647369 /* GitHubUserNameFactory.m */,
				C398901F1309AAE400647369 /* GitHubUserPoster.h */,
				C39890201309AAE400647369 /* GitHubUserPoster.m */,
				C39890211309AAE400647369 /* GitHubUserSearchFactory.h */,
				C39890221309AAE400647369 /* GitHubUserSearchFactory.m */,
				C39890231309AAE400647369 /* GitHubUserServiceFactory.m */,
			);
			path = UserService;
			sourceTree = "<group>";
		};
		C39890241309AAE400647369 /* Interface */ = {
			isa = PBXGroup;
			children = (
				C39890251309AAE400647369 /* GitHubBlob.h */,
				C39890261309AAE400647369 /* GitHubBranch.h */,
				C39890271309AAE400647369 /* GitHubComment.h */,
				C39890281309AAE400647369 /* GitHubCommit.h */,
				C39890291309AAE400647369 /* GitHubCommitServiceFactory.h */,
				C398902A1309AAE400647369 /* GitHubContributor.h */,
				C398902B1309AAE400647369 /* GitHubIssue.h */,
				C398902C1309AAE400647369 /* GitHubIssueServiceFactory.h */,
				C398902D1309AAE400647369 /* GitHubObjectServiceFactory.h */,
				C398902E1309AAE400647369 /* GitHubRef.h */,
				C398902F1309AAE400647369 /* GitHubRepository.h */,
				C39890301309AAE400647369 /* GitHubRepositoryServiceFactory.h */,
				C39890311309AAE400647369 /* GitHubService.h */,
				C39890321309AAE400647369 /* GitHubServiceDelegate.h */,
				C39890331309AAE400647369 /* GitHubServiceGotBlobDelegate.h */,
				C39890341309AAE400647369 /* GitHubServiceGotBranchDelegate.h */,
				C39890351309AAE400647369 /* GitHubServiceGotCommentDelegate.h */,
				C39890361309AAE400647369 /* GitHubServiceGotCommitDelegate.h */,
				C39890371309AAE400647369 /* GitHubServiceGotContributorDelegate.h */,
				C39890381309AAE400647369 /* GitHubServiceGotDataDelegate.h */,
				C39890391309AAE400647369 /* GitHubServiceGotIssueDelegate.h */,
				C398903A1309AAE400647369 /* GitHubServiceGotNameDelegate.h */,
				C398903B1309AAE400647369 /* GitHubServiceGotRepositoryDelegate.h */,
				C398903C1309AAE400647369 /* GitHubServiceGotTagDelegate.h */,
				C398903D1309AAE400647369 /* GitHubServiceGotTreeItemDelegate.h */,
				C398903E1309AAE400647369 /* GitHubServiceGotUserDelegate.h */,
				C398903F1309AAE400647369 /* GitHubServiceSettings.h */,
				C39890401309AAE400647369 /* GitHubTag.h */,
				C39890411309AAE400647369 /* GitHubTreeItem.h */,
				C39890421309AAE400647369 /* GitHubUser.h */,
				C39890431309AAE400647369 /* GitHubUserServiceFactory.h */,
			);
			path = Interface;
			sourceTree = "<group>";
		};
		ED2E91C71301D26F00983CC3 /* External */ = {
			isa = PBXGroup;
			children = (
				C3988FDC1309AA8E00647369 /* GitHubLib */,
				ED2E91CF1301D27800983CC3 /* ASIHTTPRequest */,
				ED2E91CA1301D26F00983CC3 /* Reachability */,
			);
			path = External;
			sourceTree = "<group>";
		};
		ED2E91CA1301D26F00983CC3 /* Reachability */ = {
			isa = PBXGroup;
			children = (
				ED2E91CB1301D26F00983CC3 /* Reachability.h */,
				ED2E91CC1301D26F00983CC3 /* Reachability.m */,
			);
			path = Reachability;
			sourceTree = "<group>";
		};
		ED2E91CF1301D27800983CC3 /* ASIHTTPRequest */ = {
			isa = PBXGroup;
			children = (
				ED2E91D01301D27800983CC3 /* ASIAuthenticationDialog.h */,
				ED2E91D11301D27800983CC3 /* ASIAuthenticationDialog.m */,
				ED2E91D21301D27800983CC3 /* ASICacheDelegate.h */,
				ED2E91D31301D27800983CC3 /* ASIDataCompressor.h */,
				ED2E91D41301D27800983CC3 /* ASIDataCompressor.m */,
				ED2E91D51301D27800983CC3 /* ASIDataDecompressor.h */,
				ED2E91D61301D27800983CC3 /* ASIDataDecompressor.m */,
				ED2E91D71301D27800983CC3 /* ASIDownloadCache.h */,
				ED2E91D81301D27800983CC3 /* ASIDownloadCache.m */,
				ED2E91D91301D27800983CC3 /* ASIFormDataRequest.h */,
				ED2E91DA1301D27800983CC3 /* ASIFormDataRequest.m */,
				ED2E91DB1301D27800983CC3 /* ASIHTTPRequest.h */,
				ED2E91DC1301D27800983CC3 /* ASIHTTPRequest.m */,
				ED2E91DD1301D27800983CC3 /* ASIHTTPRequestConfig.h */,
				ED2E91DE1301D27800983CC3 /* ASIHTTPRequestDelegate.h */,
				ED2E91DF1301D27800983CC3 /* ASIInputStream.h */,
				ED2E91E01301D27800983CC3 /* ASIInputStream.m */,
				ED2E91E11301D27800983CC3 /* ASINetworkQueue.h */,
				ED2E91E21301D27800983CC3 /* ASINetworkQueue.m */,
				ED2E91E31301D27800983CC3 /* ASIProgressDelegate.h */,
				ED2E91E71301D27800983CC3 /* CloudFiles */,
				ED2E91F61301D27800983CC3 /* S3 */,
			);
			path = ASIHTTPRequest;
			sourceTree = "<group>";
		};
		ED2E91E71301D27800983CC3 /* CloudFiles */ = {
			isa = PBXGroup;
			children = (
				ED2E91E81301D27800983CC3 /* ASICloudFilesCDNRequest.h */,
				ED2E91E91301D27800983CC3 /* ASICloudFilesCDNRequest.m */,
				ED2E91EA1301D27800983CC3 /* ASICloudFilesContainer.h */,
				ED2E91EB1301D27800983CC3 /* ASICloudFilesContainer.m */,
				ED2E91EC1301D27800983CC3 /* ASICloudFilesContainerRequest.h */,
				ED2E91ED1301D27800983CC3 /* ASICloudFilesContainerRequest.m */,
				ED2E91EE1301D27800983CC3 /* ASICloudFilesContainerXMLParserDelegate.h */,
				ED2E91EF1301D27800983CC3 /* ASICloudFilesContainerXMLParserDelegate.m */,
				ED2E91F01301D27800983CC3 /* ASICloudFilesObject.h */,
				ED2E91F11301D27800983CC3 /* ASICloudFilesObject.m */,
				ED2E91F21301D27800983CC3 /* ASICloudFilesObjectRequest.h */,
				ED2E91F31301D27800983CC3 /* ASICloudFilesObjectRequest.m */,
				ED2E91F41301D27800983CC3 /* ASICloudFilesRequest.h */,
				ED2E91F51301D27800983CC3 /* ASICloudFilesRequest.m */,
			);
			path = CloudFiles;
			sourceTree = "<group>";
		};
		ED2E91F61301D27800983CC3 /* S3 */ = {
			isa = PBXGroup;
			children = (
				ED2E91F71301D27800983CC3 /* ASINSXMLParserCompat.h */,
				ED2E91F81301D27800983CC3 /* ASIS3Bucket.h */,
				ED2E91F91301D27800983CC3 /* ASIS3Bucket.m */,
				ED2E91FA1301D27800983CC3 /* ASIS3BucketObject.h */,
				ED2E91FB1301D27800983CC3 /* ASIS3BucketObject.m */,
				ED2E91FC1301D27800983CC3 /* ASIS3BucketRequest.h */,
				ED2E91FD1301D27800983CC3 /* ASIS3BucketRequest.m */,
				ED2E91FE1301D27800983CC3 /* ASIS3ObjectRequest.h */,
				ED2E91FF1301D27800983CC3 /* ASIS3ObjectRequest.m */,
				ED2E92001301D27800983CC3 /* ASIS3Request.h */,
				ED2E92011301D27800983CC3 /* ASIS3Request.m */,
				ED2E92021301D27800983CC3 /* ASIS3ServiceRequest.h */,
				ED2E92031301D27800983CC3 /* ASIS3ServiceRequest.m */,
			);
			path = S3;
			sourceTree = "<group>";
		};
		ED473C0A1307176D006CE75A /* MWFeedParser */ = {
			isa = PBXGroup;
			children = (
				ED473C0D1307176D006CE75A /* GTMDefines.h */,
				ED473C0E1307176D006CE75A /* GTMNSString+HTML.h */,
				ED473C0F1307176D006CE75A /* GTMNSString+HTML.m */,
				ED473C141307176D006CE75A /* MWFeedParser.h */,
				ED473C151307176D006CE75A /* MWFeedParser.m */,
				ED473C161307176D006CE75A /* MWFeedParser_Private.h */,
				ED473C191307176D006CE75A /* NSDate+InternetDateTime.h */,
				ED473C1A1307176D006CE75A /* NSDate+InternetDateTime.m */,
				ED473C1B1307176D006CE75A /* NSString+HTML.h */,
				ED473C1C1307176D006CE75A /* NSString+HTML.m */,
				ED473C1D1307176D006CE75A /* NSString+XMLEntities.h */,
				ED473C1E1307176D006CE75A /* NSString+XMLEntities.m */,
				ED10E698137C2F5F00D2FD6C /* SourceSupport.h */,
				ED10E699137C2F5F00D2FD6C /* SourceSupport.m */,
				ED10E69B137C31AA00D2FD6C /* ItemSupport.h */,
				ED10E69C137C31AA00D2FD6C /* ItemSupport.m */,
				ED10E6AA137C335200D2FD6C /* Source.h */,
				ED10E6AB137C335200D2FD6C /* Source.m */,
				ED10E6AD137C335300D2FD6C /* Item.h */,
				ED10E6AE137C335300D2FD6C /* Item.m */,
			);
			path = MWFeedParser;
			sourceTree = "<group>";
		};
		ED59CD961307734900595B0A /* SFHFKeychainUtils */ = {
			isa = PBXGroup;
			children = (
				ED59CD971307734900595B0A /* security */,
				ED59CD9A1307734900595B0A /* UI */,
			);
			path = SFHFKeychainUtils;
			sourceTree = "<group>";
		};
		ED59CD971307734900595B0A /* security */ = {
			isa = PBXGroup;
			children = (
				ED59CD981307734900595B0A /* SFHFKeychainUtils.h */,
				ED59CD991307734900595B0A /* SFHFKeychainUtils.m */,
			);
			path = security;
			sourceTree = "<group>";
		};
		ED59CD9A1307734900595B0A /* UI */ = {
			isa = PBXGroup;
			children = (
				ED59CD9D1307734900595B0A /* SFHFEditableCell.h */,
				ED59CD9E1307734900595B0A /* SFHFEditableCell.m */,
				ED59CD9F1307734900595B0A /* SFHFHUDView.h */,
				ED59CDA01307734900595B0A /* SFHFHUDView.m */,
				ED59CDA11307734900595B0A /* UIWebView+SFHFStringMetrics.h */,
				ED59CDA21307734900595B0A /* UIWebView+SFHFStringMetrics.m */,
			);
			path = UI;
			sourceTree = "<group>";
		};
		ED6446EE130A17E400C197DB /* OBGradientView */ = {
			isa = PBXGroup;
			children = (
				ED6446EF130A17E500C197DB /* OBGradientView.h */,
				ED6446F0130A17E500C197DB /* OBGradientView.m */,
			);
			path = OBGradientView;
			sourceTree = "<group>";
		};
		ED71D1061303266800C3BE65 /* Resources */ = {
			isa = PBXGroup;
			children = (
				ED71D1091303268D00C3BE65 /* Icon-57.png */,
				ED71D1071303266E00C3BE65 /* Icon-57@2x.png */,
				ED37D8F5130361A500584EDE /* Default@2x.png */,
				ED37D8F6130361A500584EDE /* Default.png */,
				ED37D92D1303644E00584EDE /* itemstyle.css */,
				ED6A677013046C81006F7838 /* itemscript.js */,
				ED0581BD130B30050055703C /* down_arrow@2x.png */,
				ED0581BE130B30050055703C /* up_arrow@2x.png */,
				ED0581C1130B30930055703C /* down_arrow.png */,
				ED0581C2130B30930055703C /* up_arrow.png */,
			);
			name = Resources;
			sourceTree = "<group>";
		};
/* End PBXGroup section */

/* Begin PBXNativeTarget section */
		1D6058900D05DD3D006BFB54 /* Newsbox */ = {
			isa = PBXNativeTarget;
			buildConfigurationList = 1D6058960D05DD3E006BFB54 /* Build configuration list for PBXNativeTarget "Newsbox" */;
			buildPhases = (
				1D60588D0D05DD3D006BFB54 /* Resources */,
				1D60588E0D05DD3D006BFB54 /* Sources */,
				1D60588F0D05DD3D006BFB54 /* Frameworks */,
				C31FDF0A1305BBAA000E287B /* ShellScript */,
			);
			buildRules = (
			);
			dependencies = (
			);
			name = Newsbox;
			productName = Newsbox;
			productReference = 1D6058910D05DD3D006BFB54 /* Newsbox.app */;
			productType = "com.apple.product-type.application";
		};
/* End PBXNativeTarget section */

/* Begin PBXProject section */
		29B97313FDCFA39411CA2CEA /* Project object */ = {
			isa = PBXProject;
			buildConfigurationList = C01FCF4E08A954540054247B /* Build configuration list for PBXProject "Newsbox" */;
			compatibilityVersion = "Xcode 3.1";
			developmentRegion = English;
			hasScannedForEncodings = 1;
			knownRegions = (
				English,
				Japanese,
				French,
				German,
			);
			mainGroup = 29B97314FDCFA39411CA2CEA /* CustomTemplate */;
			projectDirPath = "";
			projectRoot = "";
			targets = (
				1D6058900D05DD3D006BFB54 /* Newsbox */,
			);
		};
/* End PBXProject section */

/* Begin PBXResourcesBuildPhase section */
		1D60588D0D05DD3D006BFB54 /* Resources */ = {
			isa = PBXResourcesBuildPhase;
			buildActionMask = 2147483647;
			files = (
				ED6A677113046C81006F7838 /* itemscript.js in Resources */,
				28AD733F0D9D9553002E5188 /* MainWindow_iPad.xib in Resources */,
				2860E38B111B897F00E27156 /* MainWindow_iPhone.xib in Resources */,
				ED2E94F41302555D00983CC3 /* ItemsTableViewController_iPhone.xib in Resources */,
				ED71D1081303266E00C3BE65 /* Icon-57@2x.png in Resources */,
				ED71D10A1303268D00C3BE65 /* Icon-57.png in Resources */,
				ED639916130342810024D3ED /* ItemViewController_iPhone.xib in Resources */,
				ED37D8F7130361A500584EDE /* Default@2x.png in Resources */,
				ED37D8F8130361A500584EDE /* Default.png in Resources */,
				ED37D92E1303644E00584EDE /* itemstyle.css in Resources */,
				EDAFC7AA13074F04009C47D7 /* SettingsTableViewController_iPhone.xib in Resources */,
				EDDA761C1308D24B007AB030 /* RootTableViewController_iPhone.xib in Resources */,
				ED0581BF130B30050055703C /* down_arrow@2x.png in Resources */,
				ED0581C0130B30050055703C /* up_arrow@2x.png in Resources */,
				ED0581C3130B30930055703C /* down_arrow.png in Resources */,
				ED0581C4130B30930055703C /* up_arrow.png in Resources */,
				C37C2FBE130C439E00C9AEB3 /* GitCommitsTableViewController_iPhone.xib in Resources */,
				ED3EEB48130DA81700C52E22 /* SourcesTableViewController_iPhone.xib in Resources */,
			);
			runOnlyForDeploymentPostprocessing = 0;
		};
/* End PBXResourcesBuildPhase section */

/* Begin PBXShellScriptBuildPhase section */
		C31FDF0A1305BBAA000E287B /* ShellScript */ = {
			isa = PBXShellScriptBuildPhase;
			buildActionMask = 2147483647;
			comments = "Add the Git version number to the XCode version number.";
			files = (
			);
			inputPaths = (
			);
			outputPaths = (
			);
			runOnlyForDeploymentPostprocessing = 0;
			shellPath = /bin/sh;
			shellScript = "GIT=/usr/local/git/bin/git\nGITOPTIONS=\"--pretty=oneline --abbrev-commit\"\nHEAD=/usr/bin/head\nCUT=/usr/bin/cut\n\n/usr/libexec/PlistBuddy -c \"Set :CFBundleVersion `$GIT log -1 $GITOPTIONS | $CUT -c1-7`\" ${TARGET_BUILD_DIR}/${INFOPLIST_PATH}\n\n/usr/libexec/PlistBuddy -c \"Set :BuildDate `$GIT log --pretty=format:'%cd' --date=iso | $HEAD -1 | $CUT -c1-25`\" ${TARGET_BUILD_DIR}/${INFOPLIST_PATH}";
		};
/* End PBXShellScriptBuildPhase section */

/* Begin PBXSourcesBuildPhase section */
		1D60588E0D05DD3D006BFB54 /* Sources */ = {
			isa = PBXSourcesBuildPhase;
			buildActionMask = 2147483647;
			files = (
				1D60589B0D05DD56006BFB54 /* main.m in Sources */,
				1D3623260D0F684500981E51 /* AppDelegate_iPad.m in Sources */,
				28EEC04B1118E28000187D67 /* AppDelegate_Shared.m in Sources */,
				2819307D112F81BE00ECF9B4 /* Newsbox.xcdatamodeld in Sources */,
				2860E38A111B897F00E27156 /* AppDelegate_iPhone.m in Sources */,
				ED2E91C61301D23600983CC3 /* ItemLoader.m in Sources */,
				ED2E91CE1301D26F00983CC3 /* Reachability.m in Sources */,
				ED2E92221301D27800983CC3 /* ASIAuthenticationDialog.m in Sources */,
				ED2E92231301D27800983CC3 /* ASIDataCompressor.m in Sources */,
				ED2E92241301D27800983CC3 /* ASIDataDecompressor.m in Sources */,
				ED2E92251301D27800983CC3 /* ASIDownloadCache.m in Sources */,
				ED2E92261301D27800983CC3 /* ASIFormDataRequest.m in Sources */,
				ED2E92271301D27800983CC3 /* ASIHTTPRequest.m in Sources */,
				ED2E92281301D27800983CC3 /* ASIInputStream.m in Sources */,
				ED2E92291301D27800983CC3 /* ASINetworkQueue.m in Sources */,
				ED2E922B1301D27800983CC3 /* ASICloudFilesCDNRequest.m in Sources */,
				ED2E922C1301D27800983CC3 /* ASICloudFilesContainer.m in Sources */,
				ED2E922D1301D27800983CC3 /* ASICloudFilesContainerRequest.m in Sources */,
				ED2E922E1301D27800983CC3 /* ASICloudFilesContainerXMLParserDelegate.m in Sources */,
				ED2E922F1301D27800983CC3 /* ASICloudFilesObject.m in Sources */,
				ED2E92301301D27800983CC3 /* ASICloudFilesObjectRequest.m in Sources */,
				ED2E92311301D27800983CC3 /* ASICloudFilesRequest.m in Sources */,
				ED2E92321301D27800983CC3 /* ASIS3Bucket.m in Sources */,
				ED2E92331301D27800983CC3 /* ASIS3BucketObject.m in Sources */,
				ED2E92341301D27800983CC3 /* ASIS3BucketRequest.m in Sources */,
				ED2E92351301D27800983CC3 /* ASIS3ObjectRequest.m in Sources */,
				ED2E92361301D27800983CC3 /* ASIS3Request.m in Sources */,
				ED2E92371301D27800983CC3 /* ASIS3ServiceRequest.m in Sources */,
				ED2E94F31302555D00983CC3 /* ItemsTableViewController_iPhone.m in Sources */,
				ED639915130342810024D3ED /* ItemViewController_iPhone.m in Sources */,
				ED0D9A1113039B4000961E0D /* ItemsTableViewCell.m in Sources */,
				ED473C221307176D006CE75A /* GTMNSString+HTML.m in Sources */,
				ED473C251307176D006CE75A /* MWFeedParser.m in Sources */,
				ED473C271307176D006CE75A /* NSDate+InternetDateTime.m in Sources */,
				ED473C281307176D006CE75A /* NSString+HTML.m in Sources */,
				ED473C291307176D006CE75A /* NSString+XMLEntities.m in Sources */,
				EDAFC7A913074F04009C47D7 /* SettingsTableViewController_iPhone.m in Sources */,
				ED59CDA31307734900595B0A /* SFHFKeychainUtils.m in Sources */,
				ED59CDA51307734900595B0A /* SFHFEditableCell.m in Sources */,
				ED59CDA61307734900595B0A /* SFHFHUDView.m in Sources */,
				ED59CDA71307734900595B0A /* UIWebView+SFHFStringMetrics.m in Sources */,
				EDDA76171308B167007AB030 /* RefreshInfoView.m in Sources */,
				EDDA761B1308D24B007AB030 /* RootTableViewController_iPhone.m in Sources */,
				C39890441309AAE400647369 /* GitHubCommitFactory.m in Sources */,
				C39890451309AAE400647369 /* GitHubCommitImp.m in Sources */,
				C39890461309AAE400647369 /* GitHubCommitServiceFactory.m in Sources */,
				C39890471309AAE400647369 /* GitHubBaseFactory.m in Sources */,
				C39890481309AAE400647369 /* GitHubServiceSettings.m in Sources */,
				C39890491309AAE400647369 /* GitHubCommentFactory.m in Sources */,
				C398904A1309AAE400647369 /* GitHubCommentImp.m in Sources */,
				C398904B1309AAE400647369 /* GitHubIssueFactory.m in Sources */,
				C398904C1309AAE400647369 /* GitHubIssueImp.m in Sources */,
				C398904D1309AAE400647369 /* GitHubIssueServiceFactory.m in Sources */,
				C398904E1309AAE400647369 /* GitHubLabelFactory.m in Sources */,
				C398904F1309AAE400647369 /* GitHubBlobFactory.m in Sources */,
				C39890501309AAE400647369 /* GitHubBlobImp.m in Sources */,
				C39890511309AAE400647369 /* GitHubDataFactory.m in Sources */,
				C39890521309AAE400647369 /* GitHubObjectServiceFactory.m in Sources */,
				C39890531309AAE400647369 /* GitHubTreeItemFactory.m in Sources */,
				C39890541309AAE400647369 /* GitHubTreeItemImp.m in Sources */,
				C39890551309AAE400647369 /* GitHubBranchFactory.m in Sources */,
				C39890561309AAE400647369 /* GitHubBranchImp.m in Sources */,
				C39890571309AAE400647369 /* GitHubCollaboratorFactory.m in Sources */,
				C39890581309AAE400647369 /* GitHubContributorFactory.m in Sources */,
				C39890591309AAE400647369 /* GitHubContributorImp.m in Sources */,
				C398905A1309AAE400647369 /* GitHubRepositoryFactory.m in Sources */,
				C398905B1309AAE400647369 /* GitHubRepositoryImp.m in Sources */,
				C398905C1309AAE400647369 /* GitHubRepositoryPoster.m in Sources */,
				C398905D1309AAE400647369 /* GitHubRepositoryServiceFactory.m in Sources */,
				C398905E1309AAE400647369 /* GitHubTagFactory.m in Sources */,
				C398905F1309AAE400647369 /* GitHubTagImp.m in Sources */,
				C39890601309AAE400647369 /* GitHubWatcherFactory.m in Sources */,
				C39890611309AAE400647369 /* GitHubUserFactory.m in Sources */,
				C39890621309AAE400647369 /* GitHubUserImp.m in Sources */,
				C39890631309AAE400647369 /* GitHubUserNameFactory.m in Sources */,
				C39890641309AAE400647369 /* GitHubUserPoster.m in Sources */,
				C39890651309AAE400647369 /* GitHubUserSearchFactory.m in Sources */,
				C39890661309AAE400647369 /* GitHubUserServiceFactory.m in Sources */,
				ED6446F1130A17E500C197DB /* OBGradientView.m in Sources */,
				C37C2FBD130C439E00C9AEB3 /* GitCommitsTableViewController_iPhone.m in Sources */,
				ED3EEB47130DA81700C52E22 /* SourcesTableViewController_iPhone.m in Sources */,
				ED10E69A137C2F5F00D2FD6C /* SourceSupport.m in Sources */,
				ED10E69D137C31AA00D2FD6C /* ItemSupport.m in Sources */,
				ED10E6AC137C335200D2FD6C /* Source.m in Sources */,
				ED10E6AF137C335300D2FD6C /* Item.m in Sources */,
			);
			runOnlyForDeploymentPostprocessing = 0;
		};
/* End PBXSourcesBuildPhase section */

/* Begin XCBuildConfiguration section */
		1D6058940D05DD3E006BFB54 /* Debug */ = {
			isa = XCBuildConfiguration;
			buildSettings = {
				ALWAYS_SEARCH_USER_PATHS = NO;
				COPY_PHASE_STRIP = NO;
				FRAMEWORK_SEARCH_PATHS = (
					"$(inherited)",
					"\"$(SRCROOT)/..\"",
					"\"$(SRCROOT)\"",
				);
				GCC_DYNAMIC_NO_PIC = NO;
				GCC_OPTIMIZATION_LEVEL = 3;
				GCC_PRECOMPILE_PREFIX_HEADER = YES;
				GCC_PREFIX_HEADER = Newsbox_Prefix.pch;
				INFOPLIST_FILE = "Newsbox-Info.plist";
				PRODUCT_NAME = Newsbox;
			};
			name = Debug;
		};
		1D6058950D05DD3E006BFB54 /* Release */ = {
			isa = XCBuildConfiguration;
			buildSettings = {
				ALWAYS_SEARCH_USER_PATHS = NO;
				COPY_PHASE_STRIP = YES;
				FRAMEWORK_SEARCH_PATHS = (
					"$(inherited)",
					"\"$(SRCROOT)/..\"",
					"\"$(SRCROOT)\"",
				);
				GCC_PRECOMPILE_PREFIX_HEADER = YES;
				GCC_PREFIX_HEADER = Newsbox_Prefix.pch;
				INFOPLIST_FILE = "Newsbox-Info.plist";
				PRODUCT_NAME = Newsbox;
				VALIDATE_PRODUCT = YES;
			};
			name = Release;
		};
		C01FCF4F08A954540054247B /* Debug */ = {
			isa = XCBuildConfiguration;
			buildSettings = {
				ARCHS = "$(ARCHS_STANDARD_32_BIT)";
				"CODE_SIGN_IDENTITY[sdk=iphoneos*]" = "iPhone Developer: Ryan Ashcraft (4G66M54XX5)";
				GCC_C_LANGUAGE_STANDARD = c99;
				GCC_WARN_ABOUT_RETURN_TYPE = YES;
				GCC_WARN_UNUSED_VARIABLE = YES;
				HEADER_SEARCH_PATHS = "";
				PREBINDING = NO;
				"PROVISIONING_PROFILE[sdk=iphoneos*]" = "0398B379-D96F-4BCD-8DD4-D4E10029D5FD";
				SDKROOT = iphoneos;
				TARGETED_DEVICE_FAMILY = 1;
			};
			name = Debug;
		};
		C01FCF5008A954540054247B /* Release */ = {
			isa = XCBuildConfiguration;
			buildSettings = {
				ARCHS = "$(ARCHS_STANDARD_32_BIT)";
				"CODE_SIGN_IDENTITY[sdk=iphoneos*]" = "iPhone Developer: Tanner Smith (KXNM2S876K)";
				GCC_C_LANGUAGE_STANDARD = c99;
				GCC_WARN_ABOUT_RETURN_TYPE = YES;
				GCC_WARN_UNUSED_VARIABLE = YES;
				HEADER_SEARCH_PATHS = "";
				OTHER_CFLAGS = "-DNS_BLOCK_ASSERTIONS=1";
				PREBINDING = NO;
				"PROVISIONING_PROFILE[sdk=iphoneos*]" = "4C347101-401D-4491-8569-E92D0775176F";
				SDKROOT = iphoneos;
				TARGETED_DEVICE_FAMILY = 1;
			};
			name = Release;
		};
/* End XCBuildConfiguration section */

/* Begin XCConfigurationList section */
		1D6058960D05DD3E006BFB54 /* Build configuration list for PBXNativeTarget "Newsbox" */ = {
			isa = XCConfigurationList;
			buildConfigurations = (
				1D6058940D05DD3E006BFB54 /* Debug */,
				1D6058950D05DD3E006BFB54 /* Release */,
			);
			defaultConfigurationIsVisible = 0;
			defaultConfigurationName = Release;
		};
		C01FCF4E08A954540054247B /* Build configuration list for PBXProject "Newsbox" */ = {
			isa = XCConfigurationList;
			buildConfigurations = (
				C01FCF4F08A954540054247B /* Debug */,
				C01FCF5008A954540054247B /* Release */,
			);
			defaultConfigurationIsVisible = 0;
			defaultConfigurationName = Release;
		};
/* End XCConfigurationList section */

/* Begin XCVersionGroup section */
		2819307C112F81BE00ECF9B4 /* Newsbox.xcdatamodeld */ = {
			isa = XCVersionGroup;
			children = (
				2870939E111907710040F596 /* Newsbox.xcdatamodel */,
			);
			currentVersion = 2870939E111907710040F596 /* Newsbox.xcdatamodel */;
			name = Newsbox.xcdatamodeld;
			path = Shared/Newsbox.xcdatamodeld;
			sourceTree = "<group>";
			versionGroupType = wrapper.xcdatamodel;
		};
/* End XCVersionGroup section */
	};
	rootObject = 29B97313FDCFA39411CA2CEA /* Project object */;
}
